{
  "version": 4,
  "terraform_version": "1.0.11",
  "serial": 15,
  "lineage": "d2c664ca-fe41-9151-bd4c-f6e676ef6971",
  "outputs": {},
  "resources": [
    {
      "mode": "data",
      "type": "nutanix_cluster",
      "name": "cluster",
      "provider": "provider[\"registry.terraform.io/nutanix/nutanix\"]",
      "instances": [
        {
          "schema_version": 0,
          "attributes": {
            "analysis_vm_efficiency_map": {},
            "api_version": "",
            "authorized_public_key_list": [
              {
                "key": "ssh-ed25519 AAAAC3NzaC1lZDI1NTE5AAAAIEYruVShCLYuH3qHKPnmw133ileg3snilVXjpGthzm4k",
                "name": "hashy0917key1"
              },
              {
                "key": "ssh-ed25519 AAAAC3NzaC1lZDI1NTE5AAAAIHBkz66xzzuzTMTZOA1Ni07pw+ORFs2+uCmLDcdQQrPN",
                "name": "hashy0917key2"
              },
              {
                "key": "ssh-rsa AAAAB3NzaC1yc2EAAAADAQABAAAIAQC1Z2H/8Jd1Og1XTIfsCyYQ26uLm6DmyTg0z0cZpmvUBUEFf3zHeZvmEG3SqaEo6wfQgMJz0IC1541ssRwfmvmplthMwCSyj9K7zLkB/f8C6tGNOscFTXhfGGnzvVI7ta2dGRaz313lJCbq+juh0e1Qjko7cJ7eqzav0w6LnqYRf62/09kO7SkamoPM4Gt4jDjJuSX8cdks9PltGwOvrmJ/PzIMvHdvYYTcygWmDBekvH+sdDJtjVcmo1d9qkjok3wEyyv7SXE6BrgDm+eWxEz8ZFiiZJYRsTV+5mYFO9DN4d62nNelx5BVqTZOCVlcDODaGJSutyzzF8c+TV27N1YNKcJginN4dufoqRy2KJPb2c7L0HPKByurVXqKCZm3L8OWdK5UYf2cYDXPU9zTdRCRhhk/9SSUoNMy6RslmFGvEnQTHl6z/yUm+AOXFie6j1g+6onJU6fmfoeZMftRIB8xQK5yd/xERqevQzFSr2JuvRH1mCheFV2DK/lyItC+ysjzyjw4M7ksIyStdZbdRMPEVrfDIdaH5/qVlT2H3rbpPU9MRsgXfS9nWpXLXQ8cZkJ6NVr0YkXnYuxl1TDLvyieTEetTbeF9VgyLbdI8MsOFRovBsrRpMx/NFKjUi8woaPgld33IRni4QSqe7B++3oKuU3W6zNUYbmR33SIO/YjiifwRQ8HLny8XINIjXimtVldWOdxzrbNxAJv6qLC2/Mcz6vD/Qz1MqjiXfielaCRvKX+YZ1OZE4mn8EQCMlh72ZD47MoqXd/KWGibohy8IRA+kGDX/cnq36OMz11ST8sQEYXJs/9JjSePsaNxVJX7ABBMtvWzninMxHbt5YNvfAEQ2+aqXfQ2kWgHv0Lz6hD6jdU+gyDjlHpH7I09YS06l/ejMpls93f/SQzYvpa8fvy0OwVsnOQxUQ5We2zjKyUzaLTKrHmlZAIq+4o7YSsVMHu5nu3UqWYFhPd/AO/frSMUbTlUrBpAF2fJeMI22WIWyTOluM+higWnZW9vAW4Ue+Vl8PhqrCFmIH4gj3/cG4gebUN1Zm0ekqQahqMMwmtF90PJg6axNjApGavYOx6ZU/46IY0cZE6uRRz0j0irnqrOhQCpX/Dtbtz3cC4eDonKpcuHcCqcfQOLre3saNdbrWlRdsEAEInP8U+OyCTn5p5pdC7bNuUc9sStEeJoeFpf7Ji62eZhL3kIzGN3jVtd32EDY0Lb7d1ZBKc0wAJjfxh2MvqGfo/7QTH9vRfnNjSLOlmFvqoOTijaQgHSiF4NrZBRzdNbfDv+PfHlf75S/X0mGnF2IHt0Seo+9CnuP3QKevBCHOa+b4BNclfuI+I0yF0AhMkP02jg0A6k2GYHa6RqVJa8WZs5SWuJZg08LnW3O7ARpcMr+HB/rpQIZqCx4Ycf8iuu9XH5XiumsWt5phFOKlKCEPd3s1FGwRcex5ywx5N/Mw8xN2vLN95i3lq3IvKsXYnjG//inpbpkpQUmb6z0VRR0VTbNIO4A2EIKESnAU8mdh3oErpkmyZRnrxw2MJZLGseH+1GJmHMUSonXWTn/b62dv6o4KizCXTdqDLIv08Yd0W7v2SRCXn3WrMkEYKsSdfIOUKr/ayDk4iYP0uByLh7DIr1AYu3LiPbe0un7TjezLs4AtWkPMQyaue7VfZHx0fo5goLx0n7rJcT/V7QxUwByTYBIFjmzlxPEXfOsuocnK+RRFVk5napopsXsRwNdwjO4IpJF/wNDyhvPDTAwbekW0z+oJ9rlljrk249RPkuDiOnGBvBi3/LTr2EFE6L4JIUa+O+2AeZC6Hnh9gqRk4PT/IvLgDQgrB7SnUdPgRIl6QezG5JdjuCziatU6x6ANkj6FIqZpvbgoOh2cL9VJVzU88yBG/ANDgO6zDAPm6+oX8KQjI+zLs5fDVBIE3BjdNyqIhUiP1kK1WzfJ0H5BXbj0eKbZYsXW6EM9UegdHfrgF1EmUsO0RFezDNTrYSVrFzeSQTCpgRtKj9C/ifxHngJxbMNon60/xDCjxSE5AoDao2j5RJ3AIaT2uABuM1MgJZxBWoZ5AM/eN4y10Xg23AoROjTTB50r4P/3Rd1toUTsSW0uYLRCngzsbR7SPFDq1hubeQAyoV0LAvOymOXYMWKtVS8OpplP4eEsoOpUR8KAAgfGR+slvf4MbSYwwwXs4RmSIHbJVYbWmuAyQwjguwrNOe4d9nTw5wnR7CBYmJnF9x0v/sKE7DgnYt6Wcjuf8iGghAYfY2HREv3XSSEVgNqHODiFMMHOQTwG6IaA4O4WH/YYlRaIJdynllmUWaBNNe86z0gdxNpbvpNyk3S67G+GiC6SFn8JOnFKdX+GktW/1NjVdiVETo+9BL0QxBN/zVuZWWGEcJBs2HPENm9me1SX4BLwVke+sdD1UvVXIJtq911ExR7uORYbFEuxoKEUL77foCfHnDIEZeeOyxqrZsxFSvbzYSlFoTmxtmlIe2EYGx5w4qUgZeqwpCpBNECcFwvV2WP9MGo7PzWSinamV8MZB8+iZRew02AQ+MG6JjEdxabV98PuRrBdlKkhYVaX3XPU5L7bH2sBofJkUKFsP5aMX0orDbGJCwhEcZrYAFjlW19VbBbEbZ9lkfv9TAasldhS5P9YwvQb5bvqsnaJWZjDuDn1m7QCBtbZyX5VXaPlNd50UKBYh8cZS/oB2TObgyTAJJxedJVYXccacUWViVkyWTE5E2CBOKO7DEw==",
                "name": "hashy0917key3"
              }
            ],
            "build": {
              "build_type": "release",
              "commit_date": "2020-09-16T23:11:24Z",
              "commit_id": "d4fc219b73b4181935a3a19465eb922313fc735f",
              "full_version": "el7.3-release-ce-2020.09.16-stable-d4fc219b73b4181935a3a19465eb922313fc735f",
              "short_commit_id": "d4fc21",
              "version": "2020.09.16"
            },
            "ca_certificate_list": [],
            "categories": [],
            "certification_signing_info": {},
            "client_auth": {},
            "cluster_arch": "X86_64",
            "cluster_id": "0005d15b-53bb-6a5a-5ed7-003048f2305e",
            "domain_server_credentials": {},
            "domain_server_name": "",
            "domain_server_nameserver": "",
            "enabled_feature_list": [
              "SHADOW_CLONES_ENABLED"
            ],
            "encryption_status": "NOT_SUPPORTED",
            "external_data_services_ip": "",
            "external_ip": "10.10.10.200",
            "external_subnet": "10.10.10.0/255.255.255.0",
            "gpu_driver_version": "",
            "http_proxy_list": [],
            "http_proxy_whitelist": [],
            "id": "0005d15b-53bb-6a5a-5ed7-003048f2305e",
            "internal_subnet": "192.168.5.0/255.255.255.128",
            "is_available": true,
            "management_server_list": [],
            "masquerading_ip": "",
            "masquerading_port": 0,
            "metadata": {
              "creation_time": "2021-11-22 09:58:56 +0000 UTC",
              "last_update_time": "2021-11-22 09:58:56 +0000 UTC",
              "name": "",
              "spec_hash": "",
              "spec_version": "1",
              "uuid": "0005d15b-53bb-6a5a-5ed7-003048f2305e"
            },
            "name": "hashy0917nutanix",
            "name_server_ip_list": [
              "8.8.8.8",
              "8.8.4.4"
            ],
            "nfs_subnet_whitelist": [],
            "nodes": [
              {
                "ip": "10.10.10.213",
                "type": "AHV",
                "version": "el7.nutanix.20190916.276"
              },
              {
                "ip": "127.0.0.1",
                "type": "AHV",
                "version": ""
              },
              {
                "ip": "10.10.10.214",
                "type": "AHV",
                "version": "el7.nutanix.20190916.276"
              },
              {
                "ip": "10.10.10.211",
                "type": "AHV",
                "version": "el7.nutanix.20190916.276"
              },
              {
                "ip": "10.10.10.212",
                "type": "AHV",
                "version": "el7.nutanix.20190916.276"
              }
            ],
            "ntp_server_ip_list": [
              "8.8.8.8",
              "8.8.4.4"
            ],
            "operation_mode": "NORMAL",
            "owner_reference": {},
            "project_reference": {},
            "service_list": [
              "AOS"
            ],
            "smtp_server_address": {},
            "smtp_server_credentials": {},
            "smtp_server_email_address": "",
            "smtp_server_proxy_type_list": [],
            "smtp_server_type": "",
            "software_map_ncc": {},
            "software_map_nos": {
              "software_type": "NOS",
              "status": "INSTALLED",
              "version": "2020.09.16"
            },
            "ssl_key_expire_datetime": "",
            "ssl_key_name": "",
            "ssl_key_signing_info": {},
            "ssl_key_type": "",
            "state": "COMPLETE",
            "supported_information_verbosity": "BASIC_PLUS_CORE_DUMP",
            "timezone": "UTC"
          },
          "sensitive_attributes": []
        }
      ]
    },
    {
      "mode": "data",
      "type": "nutanix_image",
      "name": "image",
      "provider": "provider[\"registry.terraform.io/nutanix/nutanix\"]",
      "instances": [
        {
          "schema_version": 0,
          "attributes": {
            "api_version": "3.1",
            "architecture": null,
            "availability_zone_reference": {},
            "categories": [],
            "checksum": null,
            "cluster_name": null,
            "cluster_uuid": null,
            "description": "ubuntu-20.04-server-cloudimg-amd64",
            "id": "7ca46cab-6776-44a7-bc79-f99b676bccc2",
            "image_id": null,
            "image_name": "ubuntu-20.04-server-cloudimg-amd64.qcow2",
            "image_type": "DISK_IMAGE",
            "metadata": {
              "creation_time": "2021-12-09 05:25:31 +0000 UTC",
              "last_update_time": "2021-12-09 05:25:31 +0000 UTC",
              "name": "",
              "spec_hash": "",
              "spec_version": "0",
              "uuid": "7ca46cab-6776-44a7-bc79-f99b676bccc2"
            },
            "name": "ubuntu-20.04-server-cloudimg-amd64.qcow2",
            "owner_reference": {},
            "project_reference": null,
            "retrieval_uri_list": [
              "https://127.0.0.1:9440/api/nutanix/v3/images/7ca46cab-6776-44a7-bc79-f99b676bccc2/file"
            ],
            "size_bytes": 2361393152,
            "source_uri": "file://7ca46cab-6776-44a7-bc79-f99b676bccc2",
            "state": "COMPLETE",
            "version": null
          },
          "sensitive_attributes": []
        }
      ]
    },
    {
      "mode": "data",
      "type": "nutanix_subnet",
      "name": "subnet",
      "provider": "provider[\"registry.terraform.io/nutanix/nutanix\"]",
      "instances": [
        {
          "schema_version": 0,
          "attributes": {
            "api_version": "",
            "availability_zone_reference": {},
            "categories": [],
            "cluster_name": "hashy0917nutanix",
            "cluster_uuid": "0005d15b-53bb-6a5a-5ed7-003048f2305e",
            "default_gateway_ip": "",
            "description": "",
            "dhcp_domain_name_server_list": [],
            "dhcp_domain_search_list": [],
            "dhcp_options": {},
            "dhcp_server_address": {},
            "dhcp_server_address_port": 0,
            "id": "c636f3b0-4dce-49aa-b5e9-07e379bc7ff5",
            "ip_config_pool_list_ranges": [],
            "message_list": null,
            "metadata": {
              "creation_time": "2021-12-07 07:17:20 +0000 UTC",
              "last_update_time": "2021-12-07 07:17:20 +0000 UTC",
              "name": "",
              "spec_hash": "",
              "spec_version": "0",
              "uuid": "c636f3b0-4dce-49aa-b5e9-07e379bc7ff5"
            },
            "name": "native",
            "network_function_chain_reference": {},
            "owner_reference": {},
            "prefix_length": 0,
            "project_reference": {},
            "state": "COMPLETE",
            "subnet_id": null,
            "subnet_ip": "",
            "subnet_name": "native",
            "subnet_type": "VLAN",
            "vlan_id": 0,
            "vswitch_name": "br0"
          },
          "sensitive_attributes": []
        }
      ]
    },
    {
      "mode": "managed",
      "type": "nutanix_virtual_machine",
      "name": "vm",
      "provider": "provider[\"registry.terraform.io/nutanix/nutanix\"]",
      "instances": [
        {
          "index_key": 0,
          "schema_version": 1,
          "attributes": {
            "api_version": "3.1",
            "availability_zone_reference": {},
            "boot_device_disk_address": {},
            "boot_device_mac_address": "",
            "boot_device_order_list": [],
            "boot_type": "",
            "categories": [],
            "cloud_init_cdrom_uuid": "474f45fa-1786-4d5c-b1fd-20c7fccf5ca7",
            "cluster_name": "hashy0917nutanix",
            "cluster_uuid": "0005d15b-53bb-6a5a-5ed7-003048f2305e",
            "description": "",
            "disk_list": [
              {
                "data_source_reference": {
                  "kind": "image",
                  "uuid": "7ca46cab-6776-44a7-bc79-f99b676bccc2"
                },
                "device_properties": [
                  {
                    "device_type": "DISK",
                    "disk_address": {
                      "adapter_type": "SCSI",
                      "device_index": "0"
                    }
                  }
                ],
                "disk_size_bytes": 2361393152,
                "disk_size_mib": 2252,
                "storage_config": [
                  {
                    "flash_mode": "",
                    "storage_container_reference": [
                      {
                        "kind": "storage_container",
                        "name": "SelfServiceContainer",
                        "url": "",
                        "uuid": "29a5957c-cce7-4772-b6f9-eb2205484520"
                      }
                    ]
                  }
                ],
                "uuid": "5172ac3d-667d-4ab6-b703-778843729492",
                "volume_group_reference": {}
              },
              {
                "data_source_reference": {},
                "device_properties": [
                  {
                    "device_type": "DISK",
                    "disk_address": {
                      "adapter_type": "SCSI",
                      "device_index": "1"
                    }
                  }
                ],
                "disk_size_bytes": 10737418240,
                "disk_size_mib": 10240,
                "storage_config": [
                  {
                    "flash_mode": "",
                    "storage_container_reference": [
                      {
                        "kind": "storage_container",
                        "name": "SelfServiceContainer",
                        "url": "",
                        "uuid": "29a5957c-cce7-4772-b6f9-eb2205484520"
                      }
                    ]
                  }
                ],
                "uuid": "bf54c6d6-568b-4028-9d4e-9a64f03d88c9",
                "volume_group_reference": {}
              }
            ],
            "enable_script_exec": false,
            "gpu_list": [],
            "guest_customization_cloud_init_custom_key_values": {},
            "guest_customization_cloud_init_meta_data": "",
            "guest_customization_cloud_init_user_data": "I2Nsb3VkLWNvbmZpZwpwYXNzd29yZDogYXNkZnF3ZXIKZGlzYWJsZV9yb290OiBGYWxzZQpzc2hfcHdhdXRoOiBGYWxzZQpsb2NhbGU6IGphX0pQLlVURi04CnNzaF9hdXRob3JpemVkX2tleXM6Ci0gc3NoLXJzYSBBQUFBQjNOemFDMXljMkVBQUFBREFRQUJBQUFJQVFDMVoySC84SmQxT2cxWFRJZnNDeVlRMjZ1TG02RG15VGcwejBjWnBtdlVCVUVGZjN6SGVadm1FRzNTcWFFbzZ3ZlFnTUp6MElDMTU0MXNzUndmbXZtcGx0aE13Q1N5ajlLN3pMa0IvZjhDNnRHTk9zY0ZUWGhmR0duenZWSTd0YTJkR1JhejMxM2xKQ2JxK2p1aDBlMVFqa283Y0o3ZXF6YXYwdzZMbnFZUmY2Mi8wOWtPN1NrYW1vUE00R3Q0akRqSnVTWDhjZGtzOVBsdEd3T3ZybUovUHpJTXZIZHZZWVRjeWdXbURCZWt2SCtzZERKdGpWY21vMWQ5cWtqb2szd0V5eXY3U1hFNkJyZ0RtK2VXeEV6OFpGaWlaSllSc1RWKzVtWUZPOURONGQ2Mm5OZWx4NUJWcVRaT0NWbGNET0RhR0pTdXR5enpGOGMrVFYyN04xWU5LY0pnaW5ONGR1Zm9xUnkyS0pQYjJjN0wwSFBLQnl1clZYcUtDWm0zTDhPV2RLNVVZZjJjWURYUFU5elRkUkNSaGhrLzlTU1VvTk15NlJzbG1GR3ZFblFUSGw2ei95VW0rQU9YRmllNmoxZys2b25KVTZmbWZvZVpNZnRSSUI4eFFLNXlkL3hFUnFldlF6RlNyMkp1dlJIMW1DaGVGVjJESy9seUl0Qyt5c2p6eWp3NE03a3NJeVN0ZFpiZFJNUEVWcmZESWRhSDUvcVZsVDJIM3JicFBVOU1Sc2dYZlM5bldwWExYUThjWmtKNk5WcjBZa1huWXV4bDFUREx2eWllVEVldFRiZUY5Vmd5TGJkSThNc09GUm92QnNyUnBNeC9ORktqVWk4d29hUGdsZDMzSVJuaTRRU3FlN0IrKzNvS3VVM1c2ek5VWWJtUjMzU0lPL1lqaWlmd1JROEhMbnk4WElOSWpYaW10VmxkV09keHpyYk54QUp2NnFMQzIvTWN6NnZEL1F6MU1xamlYZmllbGFDUnZLWCtZWjFPWkU0bW44RVFDTWxoNzJaRDQ3TW9xWGQvS1dHaWJvaHk4SVJBK2tHRFgvY25xMzZPTXoxMVNUOHNRRVlYSnMvOUpqU2VQc2FOeFZKWDdBQkJNdHZXem5pbk14SGJ0NVlOdmZBRVEyK2FxWGZRMmtXZ0h2MEx6NmhENmpkVStneURqbEhwSDdJMDlZUzA2bC9lak1wbHM5M2YvU1F6WXZwYThmdnkwT3dWc25PUXhVUTVXZTJ6akt5VXphTFRLckhtbFpBSXErNG83WVNzVk1IdTVudTNVcVdZRmhQZC9BTy9mclNNVWJUbFVyQnBBRjJmSmVNSTIyV0lXeVRPbHVNK2hpZ1duWlc5dkFXNFVlK1ZsOFBocXJDRm1JSDRnajMvY0c0Z2ViVU4xWm0wZWtxUWFocU1Nd210RjkwUEpnNmF4TmpBcEdhdllPeDZaVS80NklZMGNaRTZ1UlJ6MGowaXJucXJPaFFDcFgvRHRidHozY0M0ZURvbktwY3VIY0NxY2ZRT0xyZTNzYU5kYnJXbFJkc0VBRUluUDhVK095Q1RuNXA1cGRDN2JOdVVjOXNTdEVlSm9lRnBmN0ppNjJlWmhMM2tJekdOM2pWdGQzMkVEWTBMYjdkMVpCS2Mwd0FKamZ4aDJNdnFHZm8vN1FUSDl2UmZuTmpTTE9sbUZ2cW9PVGlqYVFnSFNpRjROclpCUnpkTmJmRHYrUGZIbGY3NVMvWDBtR25GMklIdDBTZW8rOUNudVAzUUtldkJDSE9hK2I0Qk5jbGZ1SStJMHlGMEFoTWtQMDJqZzBBNmsyR1lIYTZScVZKYThXWnM1U1d1SlpnMDhMblczTzdBUnBjTXIrSEIvcnBRSVpxQ3g0WWNmOGl1dTlYSDVYaXVtc1d0NXBoRk9LbEtDRVBkM3MxRkd3UmNleDV5d3g1Ti9Ndzh4TjJ2TE45NWkzbHEzSXZLc1hZbmpHLy9pbnBicGtwUVVtYjZ6MFZSUjBWVGJOSU80QTJFSUtFU25BVThtZGgzb0VycGtteVpSbnJ4dzJNSlpMR3NlSCsxR0ptSE1VU29uWFdUbi9iNjJkdjZvNEtpekNYVGRxRExJdjA4WWQwVzd2MlNSQ1huM1dyTWtFWUtzU2RmSU9VS3IvYXlEazRpWVAwdUJ5TGg3RElyMUFZdTNMaVBiZTB1bjdUamV6THM0QXRXa1BNUXlhdWU3VmZaSHgwZm81Z29MeDBuN3JKY1QvVjdReFV3QnlUWUJJRmptemx4UEVYZk9zdW9jbksrUlJGVms1bmFwb3BzWHNSd05kd2pPNElwSkYvd05EeWh2UERUQXdiZWtXMHorb0o5cmxsanJrMjQ5UlBrdURpT25HQnZCaTMvTFRyMkVGRTZMNEpJVWErTysyQWVaQzZIbmg5Z3FSazRQVC9JdkxnRFFnckI3U25VZFBnUklsNlFlekc1SmRqdUN6aWF0VTZ4NkFOa2o2RklxWnB2YmdvT2gyY0w5VkpWelU4OHlCRy9BTkRnTzZ6REFQbTYrb1g4S1FqSSt6THM1ZkRWQklFM0JqZE55cUloVWlQMWtLMVd6ZkowSDVCWGJqMGVLYlpZc1hXNkVNOVVlZ2RIZnJnRjFFbVVzTzBSRmV6RE5UcllTVnJGemVTUVRDcGdSdEtqOUMvaWZ4SG5nSnhiTU5vbjYwL3hEQ2p4U0U1QW9EYW8yajVSSjNBSWFUMnVBQnVNMU1nSlp4QldvWjVBTS9lTjR5MTBYZzIzQW9ST2pUVEI1MHI0UC8zUmQxdG9VVHNTVzB1WUxSQ25nenNiUjdTUEZEcTFodWJlUUF5b1YwTEF2T3ltT1hZTVdLdFZTOE9wcGxQNGVFc29PcFVSOEtBQWdmR1Irc2x2ZjRNYlNZd3d3WHM0Um1TSUhiSlZZYldtdUF5UXdqZ3V3ck5PZTRkOW5UdzV3blI3Q0JZbUpuRjl4MHYvc0tFN0Rnbll0NldjanVmOGlHZ2hBWWZZMkhSRXYzWFNTRVZnTnFIT0RpRk1NSE9RVHdHNklhQTRPNFdIL1lZbFJhSUpkeW5sbG1VV2FCTk5lODZ6MGdkeE5wYnZwTnlrM1M2N0crR2lDNlNGbjhKT25GS2RYK0drdFcvMU5qVmRpVkVUbys5QkwwUXhCTi96VnVaV1dHRWNKQnMySFBFTm05bWUxU1g0Qkx3VmtlK3NkRDFVdlZYSUp0cTkxMUV4Ujd1T1JZYkZFdXhvS0VVTDc3Zm9DZkhuRElFWmVlT3l4cXJac3hGU3ZiellTbEZvVG14dG1sSWUyRVlHeDV3NHFVZ1plcXdwQ3BCTkVDY0Z3dlYyV1A5TUdvN1B6V1NpbmFtVjhNWkI4K2laUmV3MDJBUStNRzZKakVkeGFiVjk4UHVSckJkbEtraFlWYVgzWFBVNUw3Ykgyc0JvZkprVUtGc1A1YU1YMG9yRGJHSkN3aEVjWnJZQUZqbFcxOVZiQmJFYlo5bGtmdjlUQWFzbGRoUzVQOVl3dlFiNWJ2cXNuYUpXWmpEdURuMW03UUNCdGJaeVg1VlhhUGxOZDUwVUtCWWg4Y1pTL29CMlRPYmd5VEFKSnhlZEpWWVhjY2FjVVdWaVZreVdURTVFMkNCT0tPN0RFdz09Ci0gc3NoLWVkMjU1MTkgQUFBQUMzTnphQzFsWkRJMU5URTVBQUFBSUVZcnVWU2hDTFl1SDNxSEtQbm13MTMzaWxlZzNzbmlsVlhqcEd0aHptNGsKLSBzc2gtZWQyNTUxOSBBQUFBQzNOemFDMWxaREkxTlRFNUFBQUFJSEJrejY2eHp6dXpUTVRaT0ExTmkwN3B3K09SRnMyK3VDbUxEY2RRUXJQTgo=",
            "guest_customization_is_overridable": false,
            "guest_customization_sysprep": {},
            "guest_customization_sysprep_custom_key_values": {},
            "guest_os_id": "",
            "hardware_clock_timezone": "UTC",
            "host_reference": {
              "kind": "host",
              "name": "10.10.10.211",
              "uuid": "e0b83999-dc94-4841-9729-40e963bf4b75"
            },
            "hypervisor_type": null,
            "id": "752f10a6-9873-4f5a-aa54-70b91f75b13b",
            "machine_type": "PC",
            "memory_size_mib": 1024,
            "metadata": {
              "creation_time": "2021-12-09 12:12:16 +0000 UTC",
              "last_update_time": "2021-12-09 12:12:27 +0000 UTC",
              "name": "",
              "spec_hash": "",
              "spec_version": "1",
              "uuid": "752f10a6-9873-4f5a-aa54-70b91f75b13b"
            },
            "name": "terraform-test-vm-0",
            "ngt_credentials": {},
            "ngt_enabled_capability_list": [],
            "nic_list": [
              {
                "ip_endpoint_list": [],
                "is_connected": "true",
                "mac_address": "50:6b:8d:f1:9d:ed",
                "model": "",
                "network_function_chain_reference": {},
                "network_function_nic_type": "",
                "nic_type": "NORMAL_NIC",
                "subnet_name": "native",
                "subnet_uuid": "c636f3b0-4dce-49aa-b5e9-07e379bc7ff5",
                "uuid": "77bb1477-3dd9-4924-98ee-600b8a4573cf"
              }
            ],
            "nic_list_status": [
              {
                "floating_ip": "",
                "ip_endpoint_list": [
                  {
                    "ip": "10.10.10.29",
                    "type": "LEARNED"
                  }
                ],
                "is_connected": "true",
                "mac_address": "50:6b:8d:f1:9d:ed",
                "model": "",
                "network_function_chain_reference": {},
                "network_function_nic_type": "",
                "nic_type": "NORMAL_NIC",
                "subnet_name": "native",
                "subnet_uuid": "c636f3b0-4dce-49aa-b5e9-07e379bc7ff5",
                "uuid": "77bb1477-3dd9-4924-98ee-600b8a4573cf"
              }
            ],
            "num_sockets": 1,
            "num_vcpus_per_socket": 2,
            "num_vnuma_nodes": 0,
            "nutanix_guest_tools": {},
            "owner_reference": {
              "kind": "user",
              "name": "admin",
              "uuid": "00000000-0000-0000-0000-000000000000"
            },
            "parent_reference": {},
            "power_state": "ON",
            "power_state_mechanism": "HARD",
            "project_reference": {},
            "serial_port_list": [],
            "should_fail_on_script_failure": false,
            "state": "COMPLETE",
            "use_hot_add": true,
            "vga_console_enabled": true
          },
          "sensitive_attributes": [],
          "private": "eyJzY2hlbWFfdmVyc2lvbiI6IjEifQ==",
          "dependencies": [
            "data.nutanix_cluster.cluster",
            "data.nutanix_image.image",
            "data.nutanix_subnet.subnet"
          ]
        },
        {
          "index_key": 1,
          "schema_version": 1,
          "attributes": {
            "api_version": "3.1",
            "availability_zone_reference": {},
            "boot_device_disk_address": {},
            "boot_device_mac_address": "",
            "boot_device_order_list": [],
            "boot_type": "",
            "categories": [],
            "cloud_init_cdrom_uuid": "eac19d89-5cac-4473-bf4c-9626cd2a39f0",
            "cluster_name": "hashy0917nutanix",
            "cluster_uuid": "0005d15b-53bb-6a5a-5ed7-003048f2305e",
            "description": "",
            "disk_list": [
              {
                "data_source_reference": {
                  "kind": "image",
                  "uuid": "7ca46cab-6776-44a7-bc79-f99b676bccc2"
                },
                "device_properties": [
                  {
                    "device_type": "DISK",
                    "disk_address": {
                      "adapter_type": "SCSI",
                      "device_index": "0"
                    }
                  }
                ],
                "disk_size_bytes": 2361393152,
                "disk_size_mib": 2252,
                "storage_config": [
                  {
                    "flash_mode": "",
                    "storage_container_reference": [
                      {
                        "kind": "storage_container",
                        "name": "SelfServiceContainer",
                        "url": "",
                        "uuid": "29a5957c-cce7-4772-b6f9-eb2205484520"
                      }
                    ]
                  }
                ],
                "uuid": "b0fda393-80e2-49cb-ab2f-839e57d9e165",
                "volume_group_reference": {}
              },
              {
                "data_source_reference": {},
                "device_properties": [
                  {
                    "device_type": "DISK",
                    "disk_address": {
                      "adapter_type": "SCSI",
                      "device_index": "1"
                    }
                  }
                ],
                "disk_size_bytes": 10737418240,
                "disk_size_mib": 10240,
                "storage_config": [
                  {
                    "flash_mode": "",
                    "storage_container_reference": [
                      {
                        "kind": "storage_container",
                        "name": "SelfServiceContainer",
                        "url": "",
                        "uuid": "29a5957c-cce7-4772-b6f9-eb2205484520"
                      }
                    ]
                  }
                ],
                "uuid": "f302b9ba-5b31-4efb-b28a-71da2db0b072",
                "volume_group_reference": {}
              }
            ],
            "enable_script_exec": false,
            "gpu_list": [],
            "guest_customization_cloud_init_custom_key_values": {},
            "guest_customization_cloud_init_meta_data": "",
            "guest_customization_cloud_init_user_data": "I2Nsb3VkLWNvbmZpZwpwYXNzd29yZDogYXNkZnF3ZXIKZGlzYWJsZV9yb290OiBGYWxzZQpzc2hfcHdhdXRoOiBGYWxzZQpsb2NhbGU6IGphX0pQLlVURi04CnNzaF9hdXRob3JpemVkX2tleXM6Ci0gc3NoLXJzYSBBQUFBQjNOemFDMXljMkVBQUFBREFRQUJBQUFJQVFDMVoySC84SmQxT2cxWFRJZnNDeVlRMjZ1TG02RG15VGcwejBjWnBtdlVCVUVGZjN6SGVadm1FRzNTcWFFbzZ3ZlFnTUp6MElDMTU0MXNzUndmbXZtcGx0aE13Q1N5ajlLN3pMa0IvZjhDNnRHTk9zY0ZUWGhmR0duenZWSTd0YTJkR1JhejMxM2xKQ2JxK2p1aDBlMVFqa283Y0o3ZXF6YXYwdzZMbnFZUmY2Mi8wOWtPN1NrYW1vUE00R3Q0akRqSnVTWDhjZGtzOVBsdEd3T3ZybUovUHpJTXZIZHZZWVRjeWdXbURCZWt2SCtzZERKdGpWY21vMWQ5cWtqb2szd0V5eXY3U1hFNkJyZ0RtK2VXeEV6OFpGaWlaSllSc1RWKzVtWUZPOURONGQ2Mm5OZWx4NUJWcVRaT0NWbGNET0RhR0pTdXR5enpGOGMrVFYyN04xWU5LY0pnaW5ONGR1Zm9xUnkyS0pQYjJjN0wwSFBLQnl1clZYcUtDWm0zTDhPV2RLNVVZZjJjWURYUFU5elRkUkNSaGhrLzlTU1VvTk15NlJzbG1GR3ZFblFUSGw2ei95VW0rQU9YRmllNmoxZys2b25KVTZmbWZvZVpNZnRSSUI4eFFLNXlkL3hFUnFldlF6RlNyMkp1dlJIMW1DaGVGVjJESy9seUl0Qyt5c2p6eWp3NE03a3NJeVN0ZFpiZFJNUEVWcmZESWRhSDUvcVZsVDJIM3JicFBVOU1Sc2dYZlM5bldwWExYUThjWmtKNk5WcjBZa1huWXV4bDFUREx2eWllVEVldFRiZUY5Vmd5TGJkSThNc09GUm92QnNyUnBNeC9ORktqVWk4d29hUGdsZDMzSVJuaTRRU3FlN0IrKzNvS3VVM1c2ek5VWWJtUjMzU0lPL1lqaWlmd1JROEhMbnk4WElOSWpYaW10VmxkV09keHpyYk54QUp2NnFMQzIvTWN6NnZEL1F6MU1xamlYZmllbGFDUnZLWCtZWjFPWkU0bW44RVFDTWxoNzJaRDQ3TW9xWGQvS1dHaWJvaHk4SVJBK2tHRFgvY25xMzZPTXoxMVNUOHNRRVlYSnMvOUpqU2VQc2FOeFZKWDdBQkJNdHZXem5pbk14SGJ0NVlOdmZBRVEyK2FxWGZRMmtXZ0h2MEx6NmhENmpkVStneURqbEhwSDdJMDlZUzA2bC9lak1wbHM5M2YvU1F6WXZwYThmdnkwT3dWc25PUXhVUTVXZTJ6akt5VXphTFRLckhtbFpBSXErNG83WVNzVk1IdTVudTNVcVdZRmhQZC9BTy9mclNNVWJUbFVyQnBBRjJmSmVNSTIyV0lXeVRPbHVNK2hpZ1duWlc5dkFXNFVlK1ZsOFBocXJDRm1JSDRnajMvY0c0Z2ViVU4xWm0wZWtxUWFocU1Nd210RjkwUEpnNmF4TmpBcEdhdllPeDZaVS80NklZMGNaRTZ1UlJ6MGowaXJucXJPaFFDcFgvRHRidHozY0M0ZURvbktwY3VIY0NxY2ZRT0xyZTNzYU5kYnJXbFJkc0VBRUluUDhVK095Q1RuNXA1cGRDN2JOdVVjOXNTdEVlSm9lRnBmN0ppNjJlWmhMM2tJekdOM2pWdGQzMkVEWTBMYjdkMVpCS2Mwd0FKamZ4aDJNdnFHZm8vN1FUSDl2UmZuTmpTTE9sbUZ2cW9PVGlqYVFnSFNpRjROclpCUnpkTmJmRHYrUGZIbGY3NVMvWDBtR25GMklIdDBTZW8rOUNudVAzUUtldkJDSE9hK2I0Qk5jbGZ1SStJMHlGMEFoTWtQMDJqZzBBNmsyR1lIYTZScVZKYThXWnM1U1d1SlpnMDhMblczTzdBUnBjTXIrSEIvcnBRSVpxQ3g0WWNmOGl1dTlYSDVYaXVtc1d0NXBoRk9LbEtDRVBkM3MxRkd3UmNleDV5d3g1Ti9Ndzh4TjJ2TE45NWkzbHEzSXZLc1hZbmpHLy9pbnBicGtwUVVtYjZ6MFZSUjBWVGJOSU80QTJFSUtFU25BVThtZGgzb0VycGtteVpSbnJ4dzJNSlpMR3NlSCsxR0ptSE1VU29uWFdUbi9iNjJkdjZvNEtpekNYVGRxRExJdjA4WWQwVzd2MlNSQ1huM1dyTWtFWUtzU2RmSU9VS3IvYXlEazRpWVAwdUJ5TGg3RElyMUFZdTNMaVBiZTB1bjdUamV6THM0QXRXa1BNUXlhdWU3VmZaSHgwZm81Z29MeDBuN3JKY1QvVjdReFV3QnlUWUJJRmptemx4UEVYZk9zdW9jbksrUlJGVms1bmFwb3BzWHNSd05kd2pPNElwSkYvd05EeWh2UERUQXdiZWtXMHorb0o5cmxsanJrMjQ5UlBrdURpT25HQnZCaTMvTFRyMkVGRTZMNEpJVWErTysyQWVaQzZIbmg5Z3FSazRQVC9JdkxnRFFnckI3U25VZFBnUklsNlFlekc1SmRqdUN6aWF0VTZ4NkFOa2o2RklxWnB2YmdvT2gyY0w5VkpWelU4OHlCRy9BTkRnTzZ6REFQbTYrb1g4S1FqSSt6THM1ZkRWQklFM0JqZE55cUloVWlQMWtLMVd6ZkowSDVCWGJqMGVLYlpZc1hXNkVNOVVlZ2RIZnJnRjFFbVVzTzBSRmV6RE5UcllTVnJGemVTUVRDcGdSdEtqOUMvaWZ4SG5nSnhiTU5vbjYwL3hEQ2p4U0U1QW9EYW8yajVSSjNBSWFUMnVBQnVNMU1nSlp4QldvWjVBTS9lTjR5MTBYZzIzQW9ST2pUVEI1MHI0UC8zUmQxdG9VVHNTVzB1WUxSQ25nenNiUjdTUEZEcTFodWJlUUF5b1YwTEF2T3ltT1hZTVdLdFZTOE9wcGxQNGVFc29PcFVSOEtBQWdmR1Irc2x2ZjRNYlNZd3d3WHM0Um1TSUhiSlZZYldtdUF5UXdqZ3V3ck5PZTRkOW5UdzV3blI3Q0JZbUpuRjl4MHYvc0tFN0Rnbll0NldjanVmOGlHZ2hBWWZZMkhSRXYzWFNTRVZnTnFIT0RpRk1NSE9RVHdHNklhQTRPNFdIL1lZbFJhSUpkeW5sbG1VV2FCTk5lODZ6MGdkeE5wYnZwTnlrM1M2N0crR2lDNlNGbjhKT25GS2RYK0drdFcvMU5qVmRpVkVUbys5QkwwUXhCTi96VnVaV1dHRWNKQnMySFBFTm05bWUxU1g0Qkx3VmtlK3NkRDFVdlZYSUp0cTkxMUV4Ujd1T1JZYkZFdXhvS0VVTDc3Zm9DZkhuRElFWmVlT3l4cXJac3hGU3ZiellTbEZvVG14dG1sSWUyRVlHeDV3NHFVZ1plcXdwQ3BCTkVDY0Z3dlYyV1A5TUdvN1B6V1NpbmFtVjhNWkI4K2laUmV3MDJBUStNRzZKakVkeGFiVjk4UHVSckJkbEtraFlWYVgzWFBVNUw3Ykgyc0JvZkprVUtGc1A1YU1YMG9yRGJHSkN3aEVjWnJZQUZqbFcxOVZiQmJFYlo5bGtmdjlUQWFzbGRoUzVQOVl3dlFiNWJ2cXNuYUpXWmpEdURuMW03UUNCdGJaeVg1VlhhUGxOZDUwVUtCWWg4Y1pTL29CMlRPYmd5VEFKSnhlZEpWWVhjY2FjVVdWaVZreVdURTVFMkNCT0tPN0RFdz09Ci0gc3NoLWVkMjU1MTkgQUFBQUMzTnphQzFsWkRJMU5URTVBQUFBSUVZcnVWU2hDTFl1SDNxSEtQbm13MTMzaWxlZzNzbmlsVlhqcEd0aHptNGsKLSBzc2gtZWQyNTUxOSBBQUFBQzNOemFDMWxaREkxTlRFNUFBQUFJSEJrejY2eHp6dXpUTVRaT0ExTmkwN3B3K09SRnMyK3VDbUxEY2RRUXJQTgo=",
            "guest_customization_is_overridable": false,
            "guest_customization_sysprep": {},
            "guest_customization_sysprep_custom_key_values": {},
            "guest_os_id": "",
            "hardware_clock_timezone": "UTC",
            "host_reference": {
              "kind": "host",
              "name": "10.10.10.211",
              "uuid": "e0b83999-dc94-4841-9729-40e963bf4b75"
            },
            "hypervisor_type": null,
            "id": "1a25a709-69ac-48f2-ba1f-bd4b352e3be3",
            "machine_type": "PC",
            "memory_size_mib": 1024,
            "metadata": {
              "creation_time": "2021-12-09 12:12:16 +0000 UTC",
              "last_update_time": "2021-12-09 12:12:31 +0000 UTC",
              "name": "",
              "spec_hash": "",
              "spec_version": "1",
              "uuid": "1a25a709-69ac-48f2-ba1f-bd4b352e3be3"
            },
            "name": "terraform-test-vm-1",
            "ngt_credentials": {},
            "ngt_enabled_capability_list": [],
            "nic_list": [
              {
                "ip_endpoint_list": [],
                "is_connected": "true",
                "mac_address": "50:6b:8d:82:40:a3",
                "model": "",
                "network_function_chain_reference": {},
                "network_function_nic_type": "",
                "nic_type": "NORMAL_NIC",
                "subnet_name": "native",
                "subnet_uuid": "c636f3b0-4dce-49aa-b5e9-07e379bc7ff5",
                "uuid": "f35e9d97-5e6a-4ad1-a146-257699c3e286"
              }
            ],
            "nic_list_status": [
              {
                "floating_ip": "",
                "ip_endpoint_list": [
                  {
                    "ip": "10.10.10.33",
                    "type": "LEARNED"
                  }
                ],
                "is_connected": "true",
                "mac_address": "50:6b:8d:82:40:a3",
                "model": "",
                "network_function_chain_reference": {},
                "network_function_nic_type": "",
                "nic_type": "NORMAL_NIC",
                "subnet_name": "native",
                "subnet_uuid": "c636f3b0-4dce-49aa-b5e9-07e379bc7ff5",
                "uuid": "f35e9d97-5e6a-4ad1-a146-257699c3e286"
              }
            ],
            "num_sockets": 1,
            "num_vcpus_per_socket": 2,
            "num_vnuma_nodes": 0,
            "nutanix_guest_tools": {},
            "owner_reference": {
              "kind": "user",
              "name": "admin",
              "uuid": "00000000-0000-0000-0000-000000000000"
            },
            "parent_reference": {},
            "power_state": "ON",
            "power_state_mechanism": "HARD",
            "project_reference": {},
            "serial_port_list": [],
            "should_fail_on_script_failure": false,
            "state": "COMPLETE",
            "use_hot_add": true,
            "vga_console_enabled": true
          },
          "sensitive_attributes": [],
          "private": "eyJzY2hlbWFfdmVyc2lvbiI6IjEifQ==",
          "dependencies": [
            "data.nutanix_cluster.cluster",
            "data.nutanix_image.image",
            "data.nutanix_subnet.subnet"
          ]
        },
        {
          "index_key": 2,
          "schema_version": 1,
          "attributes": {
            "api_version": "3.1",
            "availability_zone_reference": {},
            "boot_device_disk_address": {},
            "boot_device_mac_address": "",
            "boot_device_order_list": [],
            "boot_type": "",
            "categories": [],
            "cloud_init_cdrom_uuid": "e9d22a3e-0160-4e2a-a768-4769c9bb8788",
            "cluster_name": "hashy0917nutanix",
            "cluster_uuid": "0005d15b-53bb-6a5a-5ed7-003048f2305e",
            "description": "",
            "disk_list": [
              {
                "data_source_reference": {
                  "kind": "image",
                  "uuid": "7ca46cab-6776-44a7-bc79-f99b676bccc2"
                },
                "device_properties": [
                  {
                    "device_type": "DISK",
                    "disk_address": {
                      "adapter_type": "SCSI",
                      "device_index": "0"
                    }
                  }
                ],
                "disk_size_bytes": 2361393152,
                "disk_size_mib": 2252,
                "storage_config": [
                  {
                    "flash_mode": "",
                    "storage_container_reference": [
                      {
                        "kind": "storage_container",
                        "name": "SelfServiceContainer",
                        "url": "",
                        "uuid": "29a5957c-cce7-4772-b6f9-eb2205484520"
                      }
                    ]
                  }
                ],
                "uuid": "b68b8617-32f9-4f3c-b100-98be44086126",
                "volume_group_reference": {}
              },
              {
                "data_source_reference": {},
                "device_properties": [
                  {
                    "device_type": "DISK",
                    "disk_address": {
                      "adapter_type": "SCSI",
                      "device_index": "1"
                    }
                  }
                ],
                "disk_size_bytes": 10737418240,
                "disk_size_mib": 10240,
                "storage_config": [
                  {
                    "flash_mode": "",
                    "storage_container_reference": [
                      {
                        "kind": "storage_container",
                        "name": "SelfServiceContainer",
                        "url": "",
                        "uuid": "29a5957c-cce7-4772-b6f9-eb2205484520"
                      }
                    ]
                  }
                ],
                "uuid": "7dd5e7ca-d4be-4427-a3ca-60d82ed22569",
                "volume_group_reference": {}
              }
            ],
            "enable_script_exec": false,
            "gpu_list": [],
            "guest_customization_cloud_init_custom_key_values": {},
            "guest_customization_cloud_init_meta_data": "",
            "guest_customization_cloud_init_user_data": "I2Nsb3VkLWNvbmZpZwpwYXNzd29yZDogYXNkZnF3ZXIKZGlzYWJsZV9yb290OiBGYWxzZQpzc2hfcHdhdXRoOiBGYWxzZQpsb2NhbGU6IGphX0pQLlVURi04CnNzaF9hdXRob3JpemVkX2tleXM6Ci0gc3NoLXJzYSBBQUFBQjNOemFDMXljMkVBQUFBREFRQUJBQUFJQVFDMVoySC84SmQxT2cxWFRJZnNDeVlRMjZ1TG02RG15VGcwejBjWnBtdlVCVUVGZjN6SGVadm1FRzNTcWFFbzZ3ZlFnTUp6MElDMTU0MXNzUndmbXZtcGx0aE13Q1N5ajlLN3pMa0IvZjhDNnRHTk9zY0ZUWGhmR0duenZWSTd0YTJkR1JhejMxM2xKQ2JxK2p1aDBlMVFqa283Y0o3ZXF6YXYwdzZMbnFZUmY2Mi8wOWtPN1NrYW1vUE00R3Q0akRqSnVTWDhjZGtzOVBsdEd3T3ZybUovUHpJTXZIZHZZWVRjeWdXbURCZWt2SCtzZERKdGpWY21vMWQ5cWtqb2szd0V5eXY3U1hFNkJyZ0RtK2VXeEV6OFpGaWlaSllSc1RWKzVtWUZPOURONGQ2Mm5OZWx4NUJWcVRaT0NWbGNET0RhR0pTdXR5enpGOGMrVFYyN04xWU5LY0pnaW5ONGR1Zm9xUnkyS0pQYjJjN0wwSFBLQnl1clZYcUtDWm0zTDhPV2RLNVVZZjJjWURYUFU5elRkUkNSaGhrLzlTU1VvTk15NlJzbG1GR3ZFblFUSGw2ei95VW0rQU9YRmllNmoxZys2b25KVTZmbWZvZVpNZnRSSUI4eFFLNXlkL3hFUnFldlF6RlNyMkp1dlJIMW1DaGVGVjJESy9seUl0Qyt5c2p6eWp3NE03a3NJeVN0ZFpiZFJNUEVWcmZESWRhSDUvcVZsVDJIM3JicFBVOU1Sc2dYZlM5bldwWExYUThjWmtKNk5WcjBZa1huWXV4bDFUREx2eWllVEVldFRiZUY5Vmd5TGJkSThNc09GUm92QnNyUnBNeC9ORktqVWk4d29hUGdsZDMzSVJuaTRRU3FlN0IrKzNvS3VVM1c2ek5VWWJtUjMzU0lPL1lqaWlmd1JROEhMbnk4WElOSWpYaW10VmxkV09keHpyYk54QUp2NnFMQzIvTWN6NnZEL1F6MU1xamlYZmllbGFDUnZLWCtZWjFPWkU0bW44RVFDTWxoNzJaRDQ3TW9xWGQvS1dHaWJvaHk4SVJBK2tHRFgvY25xMzZPTXoxMVNUOHNRRVlYSnMvOUpqU2VQc2FOeFZKWDdBQkJNdHZXem5pbk14SGJ0NVlOdmZBRVEyK2FxWGZRMmtXZ0h2MEx6NmhENmpkVStneURqbEhwSDdJMDlZUzA2bC9lak1wbHM5M2YvU1F6WXZwYThmdnkwT3dWc25PUXhVUTVXZTJ6akt5VXphTFRLckhtbFpBSXErNG83WVNzVk1IdTVudTNVcVdZRmhQZC9BTy9mclNNVWJUbFVyQnBBRjJmSmVNSTIyV0lXeVRPbHVNK2hpZ1duWlc5dkFXNFVlK1ZsOFBocXJDRm1JSDRnajMvY0c0Z2ViVU4xWm0wZWtxUWFocU1Nd210RjkwUEpnNmF4TmpBcEdhdllPeDZaVS80NklZMGNaRTZ1UlJ6MGowaXJucXJPaFFDcFgvRHRidHozY0M0ZURvbktwY3VIY0NxY2ZRT0xyZTNzYU5kYnJXbFJkc0VBRUluUDhVK095Q1RuNXA1cGRDN2JOdVVjOXNTdEVlSm9lRnBmN0ppNjJlWmhMM2tJekdOM2pWdGQzMkVEWTBMYjdkMVpCS2Mwd0FKamZ4aDJNdnFHZm8vN1FUSDl2UmZuTmpTTE9sbUZ2cW9PVGlqYVFnSFNpRjROclpCUnpkTmJmRHYrUGZIbGY3NVMvWDBtR25GMklIdDBTZW8rOUNudVAzUUtldkJDSE9hK2I0Qk5jbGZ1SStJMHlGMEFoTWtQMDJqZzBBNmsyR1lIYTZScVZKYThXWnM1U1d1SlpnMDhMblczTzdBUnBjTXIrSEIvcnBRSVpxQ3g0WWNmOGl1dTlYSDVYaXVtc1d0NXBoRk9LbEtDRVBkM3MxRkd3UmNleDV5d3g1Ti9Ndzh4TjJ2TE45NWkzbHEzSXZLc1hZbmpHLy9pbnBicGtwUVVtYjZ6MFZSUjBWVGJOSU80QTJFSUtFU25BVThtZGgzb0VycGtteVpSbnJ4dzJNSlpMR3NlSCsxR0ptSE1VU29uWFdUbi9iNjJkdjZvNEtpekNYVGRxRExJdjA4WWQwVzd2MlNSQ1huM1dyTWtFWUtzU2RmSU9VS3IvYXlEazRpWVAwdUJ5TGg3RElyMUFZdTNMaVBiZTB1bjdUamV6THM0QXRXa1BNUXlhdWU3VmZaSHgwZm81Z29MeDBuN3JKY1QvVjdReFV3QnlUWUJJRmptemx4UEVYZk9zdW9jbksrUlJGVms1bmFwb3BzWHNSd05kd2pPNElwSkYvd05EeWh2UERUQXdiZWtXMHorb0o5cmxsanJrMjQ5UlBrdURpT25HQnZCaTMvTFRyMkVGRTZMNEpJVWErTysyQWVaQzZIbmg5Z3FSazRQVC9JdkxnRFFnckI3U25VZFBnUklsNlFlekc1SmRqdUN6aWF0VTZ4NkFOa2o2RklxWnB2YmdvT2gyY0w5VkpWelU4OHlCRy9BTkRnTzZ6REFQbTYrb1g4S1FqSSt6THM1ZkRWQklFM0JqZE55cUloVWlQMWtLMVd6ZkowSDVCWGJqMGVLYlpZc1hXNkVNOVVlZ2RIZnJnRjFFbVVzTzBSRmV6RE5UcllTVnJGemVTUVRDcGdSdEtqOUMvaWZ4SG5nSnhiTU5vbjYwL3hEQ2p4U0U1QW9EYW8yajVSSjNBSWFUMnVBQnVNMU1nSlp4QldvWjVBTS9lTjR5MTBYZzIzQW9ST2pUVEI1MHI0UC8zUmQxdG9VVHNTVzB1WUxSQ25nenNiUjdTUEZEcTFodWJlUUF5b1YwTEF2T3ltT1hZTVdLdFZTOE9wcGxQNGVFc29PcFVSOEtBQWdmR1Irc2x2ZjRNYlNZd3d3WHM0Um1TSUhiSlZZYldtdUF5UXdqZ3V3ck5PZTRkOW5UdzV3blI3Q0JZbUpuRjl4MHYvc0tFN0Rnbll0NldjanVmOGlHZ2hBWWZZMkhSRXYzWFNTRVZnTnFIT0RpRk1NSE9RVHdHNklhQTRPNFdIL1lZbFJhSUpkeW5sbG1VV2FCTk5lODZ6MGdkeE5wYnZwTnlrM1M2N0crR2lDNlNGbjhKT25GS2RYK0drdFcvMU5qVmRpVkVUbys5QkwwUXhCTi96VnVaV1dHRWNKQnMySFBFTm05bWUxU1g0Qkx3VmtlK3NkRDFVdlZYSUp0cTkxMUV4Ujd1T1JZYkZFdXhvS0VVTDc3Zm9DZkhuRElFWmVlT3l4cXJac3hGU3ZiellTbEZvVG14dG1sSWUyRVlHeDV3NHFVZ1plcXdwQ3BCTkVDY0Z3dlYyV1A5TUdvN1B6V1NpbmFtVjhNWkI4K2laUmV3MDJBUStNRzZKakVkeGFiVjk4UHVSckJkbEtraFlWYVgzWFBVNUw3Ykgyc0JvZkprVUtGc1A1YU1YMG9yRGJHSkN3aEVjWnJZQUZqbFcxOVZiQmJFYlo5bGtmdjlUQWFzbGRoUzVQOVl3dlFiNWJ2cXNuYUpXWmpEdURuMW03UUNCdGJaeVg1VlhhUGxOZDUwVUtCWWg4Y1pTL29CMlRPYmd5VEFKSnhlZEpWWVhjY2FjVVdWaVZreVdURTVFMkNCT0tPN0RFdz09Ci0gc3NoLWVkMjU1MTkgQUFBQUMzTnphQzFsWkRJMU5URTVBQUFBSUVZcnVWU2hDTFl1SDNxSEtQbm13MTMzaWxlZzNzbmlsVlhqcEd0aHptNGsKLSBzc2gtZWQyNTUxOSBBQUFBQzNOemFDMWxaREkxTlRFNUFBQUFJSEJrejY2eHp6dXpUTVRaT0ExTmkwN3B3K09SRnMyK3VDbUxEY2RRUXJQTgo=",
            "guest_customization_is_overridable": false,
            "guest_customization_sysprep": {},
            "guest_customization_sysprep_custom_key_values": {},
            "guest_os_id": "",
            "hardware_clock_timezone": "UTC",
            "host_reference": {
              "kind": "host",
              "name": "10.10.10.211",
              "uuid": "e0b83999-dc94-4841-9729-40e963bf4b75"
            },
            "hypervisor_type": null,
            "id": "4144e615-5122-417e-b18b-50917b3be232",
            "machine_type": "PC",
            "memory_size_mib": 1024,
            "metadata": {
              "creation_time": "2021-12-09 12:12:16 +0000 UTC",
              "last_update_time": "2021-12-09 12:12:32 +0000 UTC",
              "name": "",
              "spec_hash": "",
              "spec_version": "1",
              "uuid": "4144e615-5122-417e-b18b-50917b3be232"
            },
            "name": "terraform-test-vm-2",
            "ngt_credentials": {},
            "ngt_enabled_capability_list": [],
            "nic_list": [
              {
                "ip_endpoint_list": [],
                "is_connected": "true",
                "mac_address": "50:6b:8d:be:85:21",
                "model": "",
                "network_function_chain_reference": {},
                "network_function_nic_type": "",
                "nic_type": "NORMAL_NIC",
                "subnet_name": "native",
                "subnet_uuid": "c636f3b0-4dce-49aa-b5e9-07e379bc7ff5",
                "uuid": "c95c757f-88ee-4012-b850-a869bf6652ca"
              }
            ],
            "nic_list_status": [
              {
                "floating_ip": "",
                "ip_endpoint_list": [
                  {
                    "ip": "10.10.10.34",
                    "type": "LEARNED"
                  }
                ],
                "is_connected": "true",
                "mac_address": "50:6b:8d:be:85:21",
                "model": "",
                "network_function_chain_reference": {},
                "network_function_nic_type": "",
                "nic_type": "NORMAL_NIC",
                "subnet_name": "native",
                "subnet_uuid": "c636f3b0-4dce-49aa-b5e9-07e379bc7ff5",
                "uuid": "c95c757f-88ee-4012-b850-a869bf6652ca"
              }
            ],
            "num_sockets": 1,
            "num_vcpus_per_socket": 2,
            "num_vnuma_nodes": 0,
            "nutanix_guest_tools": {},
            "owner_reference": {
              "kind": "user",
              "name": "admin",
              "uuid": "00000000-0000-0000-0000-000000000000"
            },
            "parent_reference": {},
            "power_state": "ON",
            "power_state_mechanism": "HARD",
            "project_reference": {},
            "serial_port_list": [],
            "should_fail_on_script_failure": false,
            "state": "COMPLETE",
            "use_hot_add": true,
            "vga_console_enabled": true
          },
          "sensitive_attributes": [],
          "private": "eyJzY2hlbWFfdmVyc2lvbiI6IjEifQ==",
          "dependencies": [
            "data.nutanix_cluster.cluster",
            "data.nutanix_image.image",
            "data.nutanix_subnet.subnet"
          ]
        }
      ]
    }
  ]
}
