{
  "version": 4,
  "terraform_version": "1.1.0",
  "serial": 4,
  "lineage": "2a34e6c8-6099-5a1e-9c4e-57172cf8c3c9",
  "outputs": {},
  "resources": [
    {
      "mode": "data",
      "type": "nutanix_cluster",
      "name": "cluster",
      "provider": "provider[\"registry.terraform.io/nutanix/nutanix\"]",
      "instances": [
        {
          "schema_version": 0,
          "attributes": {
            "analysis_vm_efficiency_map": {},
            "api_version": "",
            "authorized_public_key_list": [
              {
                "key": "ssh-ed25519 AAAAC3NzaC1lZDI1NTE5AAAAIEYruVShCLYuH3qHKPnmw133ileg3snilVXjpGthzm4k",
                "name": "hashy0917key1"
              },
              {
                "key": "ssh-ed25519 AAAAC3NzaC1lZDI1NTE5AAAAIHBkz66xzzuzTMTZOA1Ni07pw+ORFs2+uCmLDcdQQrPN",
                "name": "hashy0917key2"
              },
              {
                "key": "ssh-rsa AAAAB3NzaC1yc2EAAAADAQABAAAIAQC1Z2H/8Jd1Og1XTIfsCyYQ26uLm6DmyTg0z0cZpmvUBUEFf3zHeZvmEG3SqaEo6wfQgMJz0IC1541ssRwfmvmplthMwCSyj9K7zLkB/f8C6tGNOscFTXhfGGnzvVI7ta2dGRaz313lJCbq+juh0e1Qjko7cJ7eqzav0w6LnqYRf62/09kO7SkamoPM4Gt4jDjJuSX8cdks9PltGwOvrmJ/PzIMvHdvYYTcygWmDBekvH+sdDJtjVcmo1d9qkjok3wEyyv7SXE6BrgDm+eWxEz8ZFiiZJYRsTV+5mYFO9DN4d62nNelx5BVqTZOCVlcDODaGJSutyzzF8c+TV27N1YNKcJginN4dufoqRy2KJPb2c7L0HPKByurVXqKCZm3L8OWdK5UYf2cYDXPU9zTdRCRhhk/9SSUoNMy6RslmFGvEnQTHl6z/yUm+AOXFie6j1g+6onJU6fmfoeZMftRIB8xQK5yd/xERqevQzFSr2JuvRH1mCheFV2DK/lyItC+ysjzyjw4M7ksIyStdZbdRMPEVrfDIdaH5/qVlT2H3rbpPU9MRsgXfS9nWpXLXQ8cZkJ6NVr0YkXnYuxl1TDLvyieTEetTbeF9VgyLbdI8MsOFRovBsrRpMx/NFKjUi8woaPgld33IRni4QSqe7B++3oKuU3W6zNUYbmR33SIO/YjiifwRQ8HLny8XINIjXimtVldWOdxzrbNxAJv6qLC2/Mcz6vD/Qz1MqjiXfielaCRvKX+YZ1OZE4mn8EQCMlh72ZD47MoqXd/KWGibohy8IRA+kGDX/cnq36OMz11ST8sQEYXJs/9JjSePsaNxVJX7ABBMtvWzninMxHbt5YNvfAEQ2+aqXfQ2kWgHv0Lz6hD6jdU+gyDjlHpH7I09YS06l/ejMpls93f/SQzYvpa8fvy0OwVsnOQxUQ5We2zjKyUzaLTKrHmlZAIq+4o7YSsVMHu5nu3UqWYFhPd/AO/frSMUbTlUrBpAF2fJeMI22WIWyTOluM+higWnZW9vAW4Ue+Vl8PhqrCFmIH4gj3/cG4gebUN1Zm0ekqQahqMMwmtF90PJg6axNjApGavYOx6ZU/46IY0cZE6uRRz0j0irnqrOhQCpX/Dtbtz3cC4eDonKpcuHcCqcfQOLre3saNdbrWlRdsEAEInP8U+OyCTn5p5pdC7bNuUc9sStEeJoeFpf7Ji62eZhL3kIzGN3jVtd32EDY0Lb7d1ZBKc0wAJjfxh2MvqGfo/7QTH9vRfnNjSLOlmFvqoOTijaQgHSiF4NrZBRzdNbfDv+PfHlf75S/X0mGnF2IHt0Seo+9CnuP3QKevBCHOa+b4BNclfuI+I0yF0AhMkP02jg0A6k2GYHa6RqVJa8WZs5SWuJZg08LnW3O7ARpcMr+HB/rpQIZqCx4Ycf8iuu9XH5XiumsWt5phFOKlKCEPd3s1FGwRcex5ywx5N/Mw8xN2vLN95i3lq3IvKsXYnjG//inpbpkpQUmb6z0VRR0VTbNIO4A2EIKESnAU8mdh3oErpkmyZRnrxw2MJZLGseH+1GJmHMUSonXWTn/b62dv6o4KizCXTdqDLIv08Yd0W7v2SRCXn3WrMkEYKsSdfIOUKr/ayDk4iYP0uByLh7DIr1AYu3LiPbe0un7TjezLs4AtWkPMQyaue7VfZHx0fo5goLx0n7rJcT/V7QxUwByTYBIFjmzlxPEXfOsuocnK+RRFVk5napopsXsRwNdwjO4IpJF/wNDyhvPDTAwbekW0z+oJ9rlljrk249RPkuDiOnGBvBi3/LTr2EFE6L4JIUa+O+2AeZC6Hnh9gqRk4PT/IvLgDQgrB7SnUdPgRIl6QezG5JdjuCziatU6x6ANkj6FIqZpvbgoOh2cL9VJVzU88yBG/ANDgO6zDAPm6+oX8KQjI+zLs5fDVBIE3BjdNyqIhUiP1kK1WzfJ0H5BXbj0eKbZYsXW6EM9UegdHfrgF1EmUsO0RFezDNTrYSVrFzeSQTCpgRtKj9C/ifxHngJxbMNon60/xDCjxSE5AoDao2j5RJ3AIaT2uABuM1MgJZxBWoZ5AM/eN4y10Xg23AoROjTTB50r4P/3Rd1toUTsSW0uYLRCngzsbR7SPFDq1hubeQAyoV0LAvOymOXYMWKtVS8OpplP4eEsoOpUR8KAAgfGR+slvf4MbSYwwwXs4RmSIHbJVYbWmuAyQwjguwrNOe4d9nTw5wnR7CBYmJnF9x0v/sKE7DgnYt6Wcjuf8iGghAYfY2HREv3XSSEVgNqHODiFMMHOQTwG6IaA4O4WH/YYlRaIJdynllmUWaBNNe86z0gdxNpbvpNyk3S67G+GiC6SFn8JOnFKdX+GktW/1NjVdiVETo+9BL0QxBN/zVuZWWGEcJBs2HPENm9me1SX4BLwVke+sdD1UvVXIJtq911ExR7uORYbFEuxoKEUL77foCfHnDIEZeeOyxqrZsxFSvbzYSlFoTmxtmlIe2EYGx5w4qUgZeqwpCpBNECcFwvV2WP9MGo7PzWSinamV8MZB8+iZRew02AQ+MG6JjEdxabV98PuRrBdlKkhYVaX3XPU5L7bH2sBofJkUKFsP5aMX0orDbGJCwhEcZrYAFjlW19VbBbEbZ9lkfv9TAasldhS5P9YwvQb5bvqsnaJWZjDuDn1m7QCBtbZyX5VXaPlNd50UKBYh8cZS/oB2TObgyTAJJxedJVYXccacUWViVkyWTE5E2CBOKO7DEw==",
                "name": "hashy0917key3"
              }
            ],
            "build": {
              "build_type": "release",
              "commit_date": "2020-09-16T23:11:24Z",
              "commit_id": "d4fc219b73b4181935a3a19465eb922313fc735f",
              "full_version": "el7.3-release-ce-2020.09.16-stable-d4fc219b73b4181935a3a19465eb922313fc735f",
              "short_commit_id": "d4fc21",
              "version": "2020.09.16"
            },
            "ca_certificate_list": [],
            "categories": [],
            "certification_signing_info": {},
            "client_auth": {},
            "cluster_arch": "X86_64",
            "cluster_id": "0005d15b-53bb-6a5a-5ed7-003048f2305e",
            "domain_server_credentials": {},
            "domain_server_name": "",
            "domain_server_nameserver": "",
            "enabled_feature_list": [
              "SHADOW_CLONES_ENABLED"
            ],
            "encryption_status": "NOT_SUPPORTED",
            "external_data_services_ip": "",
            "external_ip": "10.10.10.200",
            "external_subnet": "10.10.10.0/255.255.255.0",
            "gpu_driver_version": "",
            "http_proxy_list": [],
            "http_proxy_whitelist": [],
            "id": "0005d15b-53bb-6a5a-5ed7-003048f2305e",
            "internal_subnet": "192.168.5.0/255.255.255.128",
            "is_available": true,
            "management_server_list": [],
            "masquerading_ip": "",
            "masquerading_port": 0,
            "metadata": {
              "creation_time": "2021-11-22 09:58:56 +0000 UTC",
              "last_update_time": "2021-11-22 09:58:56 +0000 UTC",
              "name": "",
              "spec_hash": "",
              "spec_version": "1",
              "uuid": "0005d15b-53bb-6a5a-5ed7-003048f2305e"
            },
            "name": "hashy0917nutanix",
            "name_server_ip_list": [
              "8.8.8.8",
              "8.8.4.4"
            ],
            "nfs_subnet_whitelist": [],
            "nodes": [
              {
                "ip": "10.10.10.213",
                "type": "AHV",
                "version": "el7.nutanix.20190916.276"
              },
              {
                "ip": "127.0.0.1",
                "type": "AHV",
                "version": ""
              },
              {
                "ip": "10.10.10.214",
                "type": "AHV",
                "version": "el7.nutanix.20190916.276"
              },
              {
                "ip": "10.10.10.211",
                "type": "AHV",
                "version": "el7.nutanix.20190916.276"
              },
              {
                "ip": "10.10.10.212",
                "type": "AHV",
                "version": "el7.nutanix.20190916.276"
              }
            ],
            "ntp_server_ip_list": [
              "8.8.8.8",
              "8.8.4.4"
            ],
            "operation_mode": "NORMAL",
            "owner_reference": {},
            "project_reference": {},
            "service_list": [
              "AOS"
            ],
            "smtp_server_address": {},
            "smtp_server_credentials": {},
            "smtp_server_email_address": "",
            "smtp_server_proxy_type_list": [],
            "smtp_server_type": "",
            "software_map_ncc": {},
            "software_map_nos": {
              "software_type": "NOS",
              "status": "INSTALLED",
              "version": "2020.09.16"
            },
            "ssl_key_expire_datetime": "",
            "ssl_key_name": "",
            "ssl_key_signing_info": {},
            "ssl_key_type": "",
            "state": "COMPLETE",
            "supported_information_verbosity": "BASIC_PLUS_CORE_DUMP",
            "timezone": "UTC"
          },
          "sensitive_attributes": []
        }
      ]
    },
    {
      "mode": "data",
      "type": "nutanix_image",
      "name": "image",
      "provider": "provider[\"registry.terraform.io/nutanix/nutanix\"]",
      "instances": [
        {
          "schema_version": 0,
          "attributes": {
            "api_version": "3.1",
            "architecture": null,
            "availability_zone_reference": {},
            "categories": [],
            "checksum": null,
            "cluster_name": null,
            "cluster_uuid": null,
            "description": "ubuntu-20.04-server-cloudimg-amd64",
            "id": "7ca46cab-6776-44a7-bc79-f99b676bccc2",
            "image_id": null,
            "image_name": "ubuntu-20.04-server-cloudimg-amd64.qcow2",
            "image_type": "DISK_IMAGE",
            "metadata": {
              "creation_time": "2021-12-09 05:25:31 +0000 UTC",
              "last_update_time": "2021-12-09 05:25:31 +0000 UTC",
              "name": "",
              "spec_hash": "",
              "spec_version": "0",
              "uuid": "7ca46cab-6776-44a7-bc79-f99b676bccc2"
            },
            "name": "ubuntu-20.04-server-cloudimg-amd64.qcow2",
            "owner_reference": {},
            "project_reference": null,
            "retrieval_uri_list": [
              "https://127.0.0.1:9440/api/nutanix/v3/images/7ca46cab-6776-44a7-bc79-f99b676bccc2/file"
            ],
            "size_bytes": 2361393152,
            "source_uri": "file://7ca46cab-6776-44a7-bc79-f99b676bccc2",
            "state": "COMPLETE",
            "version": null
          },
          "sensitive_attributes": []
        }
      ]
    },
    {
      "mode": "data",
      "type": "nutanix_subnet",
      "name": "subnet",
      "provider": "provider[\"registry.terraform.io/nutanix/nutanix\"]",
      "instances": [
        {
          "schema_version": 0,
          "attributes": {
            "api_version": "",
            "availability_zone_reference": {},
            "categories": [],
            "cluster_name": "hashy0917nutanix",
            "cluster_uuid": "0005d15b-53bb-6a5a-5ed7-003048f2305e",
            "default_gateway_ip": "",
            "description": "",
            "dhcp_domain_name_server_list": [],
            "dhcp_domain_search_list": [],
            "dhcp_options": {},
            "dhcp_server_address": {},
            "dhcp_server_address_port": 0,
            "id": "c636f3b0-4dce-49aa-b5e9-07e379bc7ff5",
            "ip_config_pool_list_ranges": [],
            "message_list": null,
            "metadata": {
              "creation_time": "2021-12-07 07:17:20 +0000 UTC",
              "last_update_time": "2021-12-07 07:17:20 +0000 UTC",
              "name": "",
              "spec_hash": "",
              "spec_version": "0",
              "uuid": "c636f3b0-4dce-49aa-b5e9-07e379bc7ff5"
            },
            "name": "native",
            "network_function_chain_reference": {},
            "owner_reference": {},
            "prefix_length": 0,
            "project_reference": {},
            "state": "COMPLETE",
            "subnet_id": null,
            "subnet_ip": "",
            "subnet_name": "native",
            "subnet_type": "VLAN",
            "vlan_id": 0,
            "vswitch_name": "br0"
          },
          "sensitive_attributes": []
        }
      ]
    },
    {
      "mode": "managed",
      "type": "nutanix_virtual_machine",
      "name": "vm",
      "provider": "provider[\"registry.terraform.io/nutanix/nutanix\"]",
      "instances": [
        {
          "index_key": 0,
          "schema_version": 1,
          "attributes": {
            "api_version": "3.1",
            "availability_zone_reference": {},
            "boot_device_disk_address": {},
            "boot_device_mac_address": "",
            "boot_device_order_list": [],
            "boot_type": "",
            "categories": [],
            "cloud_init_cdrom_uuid": "a147f5ae-5438-4488-b09e-0e6a9b175d1e",
            "cluster_name": "hashy0917nutanix",
            "cluster_uuid": "0005d15b-53bb-6a5a-5ed7-003048f2305e",
            "description": "",
            "disk_list": [
              {
                "data_source_reference": {
                  "kind": "image",
                  "uuid": "7ca46cab-6776-44a7-bc79-f99b676bccc2"
                },
                "device_properties": [
                  {
                    "device_type": "DISK",
                    "disk_address": {
                      "adapter_type": "SCSI",
                      "device_index": "0"
                    }
                  }
                ],
                "disk_size_bytes": 2361393152,
                "disk_size_mib": 2252,
                "storage_config": [
                  {
                    "flash_mode": "",
                    "storage_container_reference": [
                      {
                        "kind": "storage_container",
                        "name": "SelfServiceContainer",
                        "url": "",
                        "uuid": "29a5957c-cce7-4772-b6f9-eb2205484520"
                      }
                    ]
                  }
                ],
                "uuid": "d52b6760-c408-4358-a023-a1dbf07e5772",
                "volume_group_reference": {}
              },
              {
                "data_source_reference": {},
                "device_properties": [
                  {
                    "device_type": "DISK",
                    "disk_address": {
                      "adapter_type": "SCSI",
                      "device_index": "1"
                    }
                  }
                ],
                "disk_size_bytes": 10737418240,
                "disk_size_mib": 10240,
                "storage_config": [
                  {
                    "flash_mode": "",
                    "storage_container_reference": [
                      {
                        "kind": "storage_container",
                        "name": "SelfServiceContainer",
                        "url": "",
                        "uuid": "29a5957c-cce7-4772-b6f9-eb2205484520"
                      }
                    ]
                  }
                ],
                "uuid": "33a37134-0b42-4cf3-bde6-43d88b7e20a4",
                "volume_group_reference": {}
              }
            ],
            "enable_script_exec": false,
            "gpu_list": [],
            "guest_customization_cloud_init_custom_key_values": {},
            "guest_customization_cloud_init_meta_data": "",
            "guest_customization_cloud_init_user_data": "I2Nsb3VkLWNvbmZpZwojIOODkeOCueODr+ODvOODieOBruWIneacn+WApOOCkuioreWumgpwYXNzd29yZDogYXNkZnF3ZXIKIyDliJ3lm57jg63jgrDjgqTjg7PmmYLjgavjg5Hjgrnjg6/jg7zjg4njga7lvLfliLblpInmm7TjgpLnmbrnlJ/jgZXjgZvjgarjgYToqK3lrpoKY2hwYXNzd2Q6IHsgZXhwaXJlOiBGYWxzZSB9CiMgUm9vdOOBruODreOCsOOCpOODs+OCkuemgeatogpkaXNhYmxlX3Jvb3Q6IEZhbHNlCiMgU1NI44Gu44OR44K544Ov44O844OJ44Ot44Kw44Kk44Oz44KS56aB5q2iCnNzaF9wd2F1dGg6IEZhbHNlCiMg6KiA6Kqe44KS5pel5pys6Kqe44Gr6Kit5a6aCmxvY2FsZTogamFfSlAuVVRGLTgKIyDjg4fjg5Xjgqnjg6vjg4jjg6bjg7zjgrbjg7zjga7lhazplovpjbXjga7jgqTjg7Pjg53jg7zjg4gKc3NoX2F1dGhvcml6ZWRfa2V5czoKLSBzc2gtcnNhIEFBQUFCM056YUMxeWMyRUFBQUFEQVFBQkFBQUlBUUMxWjJILzhKZDFPZzFYVElmc0N5WVEyNnVMbTZEbXlUZzB6MGNacG12VUJVRUZmM3pIZVp2bUVHM1NxYUVvNndmUWdNSnowSUMxNTQxc3NSd2Ztdm1wbHRoTXdDU3lqOUs3ekxrQi9mOEM2dEdOT3NjRlRYaGZHR256dlZJN3RhMmRHUmF6MzEzbEpDYnEranVoMGUxUWprbzdjSjdlcXphdjB3NkxucVlSZjYyLzA5a083U2thbW9QTTRHdDRqRGpKdVNYOGNka3M5UGx0R3dPdnJtSi9QeklNdkhkdllZVGN5Z1dtREJla3ZIK3NkREp0alZjbW8xZDlxa2pvazN3RXl5djdTWEU2QnJnRG0rZVd4RXo4WkZpaVpKWVJzVFYrNW1ZRk85RE40ZDYybk5lbHg1QlZxVFpPQ1ZsY0RPRGFHSlN1dHl6ekY4YytUVjI3TjFZTktjSmdpbk40ZHVmb3FSeTJLSlBiMmM3TDBIUEtCeXVyVlhxS0NabTNMOE9XZEs1VVlmMmNZRFhQVTl6VGRSQ1JoaGsvOVNTVW9OTXk2UnNsbUZHdkVuUVRIbDZ6L3lVbStBT1hGaWU2ajFnKzZvbkpVNmZtZm9lWk1mdFJJQjh4UUs1eWQveEVScWV2UXpGU3IySnV2UkgxbUNoZUZWMkRLL2x5SXRDK3lzanp5anc0TTdrc0l5U3RkWmJkUk1QRVZyZkRJZGFINS9xVmxUMkgzcmJwUFU5TVJzZ1hmUzluV3BYTFhROGNaa0o2TlZyMFlrWG5ZdXhsMVRETHZ5aWVURWV0VGJlRjlWZ3lMYmRJOE1zT0ZSb3ZCc3JScE14L05GS2pVaTh3b2FQZ2xkMzNJUm5pNFFTcWU3QisrM29LdVUzVzZ6TlVZYm1SMzNTSU8vWWppaWZ3UlE4SExueThYSU5JalhpbXRWbGRXT2R4enJiTnhBSnY2cUxDMi9NY3o2dkQvUXoxTXFqaVhmaWVsYUNSdktYK1laMU9aRTRtbjhFUUNNbGg3MlpENDdNb3FYZC9LV0dpYm9oeThJUkEra0dEWC9jbnEzNk9NejExU1Q4c1FFWVhKcy85SmpTZVBzYU54VkpYN0FCQk10dld6bmluTXhIYnQ1WU52ZkFFUTIrYXFYZlEya1dnSHYwTHo2aEQ2amRVK2d5RGpsSHBIN0kwOVlTMDZsL2VqTXBsczkzZi9TUXpZdnBhOGZ2eTBPd1Zzbk9ReFVRNVdlMnpqS3lVemFMVEtySG1sWkFJcSs0bzdZU3NWTUh1NW51M1VxV1lGaFBkL0FPL2ZyU01VYlRsVXJCcEFGMmZKZU1JMjJXSVd5VE9sdU0raGlnV25aVzl2QVc0VWUrVmw4UGhxckNGbUlINGdqMy9jRzRnZWJVTjFabTBla3FRYWhxTU13bXRGOTBQSmc2YXhOakFwR2F2WU94NlpVLzQ2SVkwY1pFNnVSUnowajBpcm5xck9oUUNwWC9EdGJ0ejNjQzRlRG9uS3BjdUhjQ3FjZlFPTHJlM3NhTmRicldsUmRzRUFFSW5QOFUrT3lDVG41cDVwZEM3Yk51VWM5c1N0RWVKb2VGcGY3Smk2MmVaaEwza0l6R04zalZ0ZDMyRURZMExiN2QxWkJLYzB3QUpqZnhoMk12cUdmby83UVRIOXZSZm5OalNMT2xtRnZxb09UaWphUWdIU2lGNE5yWkJSemROYmZEditQZkhsZjc1Uy9YMG1HbkYySUh0MFNlbys5Q251UDNRS2V2QkNIT2ErYjRCTmNsZnVJK0kweUYwQWhNa1AwMmpnMEE2azJHWUhhNlJxVkphOFdaczVTV3VKWmcwOExuVzNPN0FScGNNcitIQi9ycFFJWnFDeDRZY2Y4aXV1OVhINVhpdW1zV3Q1cGhGT0tsS0NFUGQzczFGR3dSY2V4NXl3eDVOL013OHhOMnZMTjk1aTNscTNJdktzWFluakcvL2lucGJwa3BRVW1iNnowVlJSMFZUYk5JTzRBMkVJS0VTbkFVOG1kaDNvRXJwa215WlJucnh3Mk1KWkxHc2VIKzFHSm1ITVVTb25YV1RuL2I2MmR2Nm80S2l6Q1hUZHFETEl2MDhZZDBXN3YyU1JDWG4zV3JNa0VZS3NTZGZJT1VLci9heURrNGlZUDB1QnlMaDdESXIxQVl1M0xpUGJlMHVuN1RqZXpMczRBdFdrUE1ReWF1ZTdWZlpIeDBmbzVnb0x4MG43ckpjVC9WN1F4VXdCeVRZQklGam16bHhQRVhmT3N1b2NuSytSUkZWazVuYXBvcHNYc1J3TmR3ak80SXBKRi93TkR5aHZQRFRBd2Jla1cweitvSjlybGxqcmsyNDlSUGt1RGlPbkdCdkJpMy9MVHIyRUZFNkw0SklVYStPKzJBZVpDNkhuaDlncVJrNFBUL0l2TGdEUWdyQjdTblVkUGdSSWw2UWV6RzVKZGp1Q3ppYXRVNng2QU5rajZGSXFacHZiZ29PaDJjTDlWSlZ6VTg4eUJHL0FORGdPNnpEQVBtNitvWDhLUWpJK3pMczVmRFZCSUUzQmpkTnlxSWhVaVAxa0sxV3pmSjBINUJYYmowZUtiWllzWFc2RU05VWVnZEhmcmdGMUVtVXNPMFJGZXpETlRyWVNWckZ6ZVNRVENwZ1J0S2o5Qy9pZnhIbmdKeGJNTm9uNjAveERDanhTRTVBb0RhbzJqNVJKM0FJYVQydUFCdU0xTWdKWnhCV29aNUFNL2VONHkxMFhnMjNBb1JPalRUQjUwcjRQLzNSZDF0b1VUc1NXMHVZTFJDbmd6c2JSN1NQRkRxMWh1YmVRQXlvVjBMQXZPeW1PWFlNV0t0VlM4T3BwbFA0ZUVzb09wVVI4S0FBZ2ZHUitzbHZmNE1iU1l3d3dYczRSbVNJSGJKVlliV211QXlRd2pndXdyTk9lNGQ5blR3NXduUjdDQlltSm5GOXgwdi9zS0U3RGduWXQ2V2NqdWY4aUdnaEFZZlkySFJFdjNYU1NFVmdOcUhPRGlGTU1IT1FUd0c2SWFBNE80V0gvWVlsUmFJSmR5bmxsbVVXYUJOTmU4NnowZ2R4TnBidnBOeWszUzY3RytHaUM2U0ZuOEpPbkZLZFgrR2t0Vy8xTmpWZGlWRVRvKzlCTDBReEJOL3pWdVpXV0dFY0pCczJIUEVObTltZTFTWDRCTHdWa2Urc2REMVV2VlhJSnRxOTExRXhSN3VPUlliRkV1eG9LRVVMNzdmb0NmSG5ESUVaZWVPeXhxclpzeEZTdmJ6WVNsRm9UbXh0bWxJZTJFWUd4NXc0cVVnWmVxd3BDcEJORUNjRnd2VjJXUDlNR283UHpXU2luYW1WOE1aQjgraVpSZXcwMkFRK01HNkpqRWR4YWJWOThQdVJyQmRsS2toWVZhWDNYUFU1TDdiSDJzQm9mSmtVS0ZzUDVhTVgwb3JEYkdKQ3doRWNacllBRmpsVzE5VmJCYkViWjlsa2Z2OVRBYXNsZGhTNVA5WXd2UWI1YnZxc25hSldaakR1RG4xbTdRQ0J0Ylp5WDVWWGFQbE5kNTBVS0JZaDhjWlMvb0IyVE9iZ3lUQUpKeGVkSlZZWGNjYWNVV1ZpVmt5V1RFNUUyQ0JPS083REV3PT0KLSBzc2gtZWQyNTUxOSBBQUFBQzNOemFDMWxaREkxTlRFNUFBQUFJRVlydVZTaENMWXVIM3FIS1BubXcxMzNpbGVnM3NuaWxWWGpwR3Roem00awotIHNzaC1lZDI1NTE5IEFBQUFDM056YUMxbFpESTFOVEU1QUFBQUlIQmt6NjZ4enp1elRNVFpPQTFOaTA3cHcrT1JGczIrdUNtTERjZFFRclBOCg==",
            "guest_customization_is_overridable": false,
            "guest_customization_sysprep": {},
            "guest_customization_sysprep_custom_key_values": {},
            "guest_os_id": "",
            "hardware_clock_timezone": "UTC",
            "host_reference": {
              "kind": "host",
              "name": "10.10.10.211",
              "uuid": "e0b83999-dc94-4841-9729-40e963bf4b75"
            },
            "hypervisor_type": null,
            "id": "432c27ff-8c84-4c33-b090-857ec3902570",
            "machine_type": "PC",
            "memory_size_mib": 1024,
            "metadata": {
              "creation_time": "2021-12-15 11:51:10 +0000 UTC",
              "last_update_time": "2021-12-15 11:51:21 +0000 UTC",
              "name": "",
              "spec_hash": "",
              "spec_version": "1",
              "uuid": "432c27ff-8c84-4c33-b090-857ec3902570"
            },
            "name": "terraform-test-vm-0",
            "ngt_credentials": {},
            "ngt_enabled_capability_list": [],
            "nic_list": [
              {
                "ip_endpoint_list": [],
                "is_connected": "true",
                "mac_address": "50:6b:8d:dd:2e:e5",
                "model": "",
                "network_function_chain_reference": {},
                "network_function_nic_type": "",
                "nic_type": "NORMAL_NIC",
                "subnet_name": "native",
                "subnet_uuid": "c636f3b0-4dce-49aa-b5e9-07e379bc7ff5",
                "uuid": "b408519a-499e-4e51-a2d2-ff3e15e289fb"
              }
            ],
            "nic_list_status": [
              {
                "floating_ip": "",
                "ip_endpoint_list": [
                  {
                    "ip": "10.10.10.28",
                    "type": "LEARNED"
                  }
                ],
                "is_connected": "true",
                "mac_address": "50:6b:8d:dd:2e:e5",
                "model": "",
                "network_function_chain_reference": {},
                "network_function_nic_type": "",
                "nic_type": "NORMAL_NIC",
                "subnet_name": "native",
                "subnet_uuid": "c636f3b0-4dce-49aa-b5e9-07e379bc7ff5",
                "uuid": "b408519a-499e-4e51-a2d2-ff3e15e289fb"
              }
            ],
            "num_sockets": 1,
            "num_vcpus_per_socket": 2,
            "num_vnuma_nodes": 0,
            "nutanix_guest_tools": {},
            "owner_reference": {
              "kind": "user",
              "name": "admin",
              "uuid": "00000000-0000-0000-0000-000000000000"
            },
            "parent_reference": {},
            "power_state": "ON",
            "power_state_mechanism": "HARD",
            "project_reference": {},
            "serial_port_list": [],
            "should_fail_on_script_failure": false,
            "state": "COMPLETE",
            "use_hot_add": true,
            "vga_console_enabled": true
          },
          "sensitive_attributes": [],
          "private": "eyJzY2hlbWFfdmVyc2lvbiI6IjEifQ==",
          "dependencies": [
            "data.nutanix_cluster.cluster",
            "data.nutanix_image.image",
            "data.nutanix_subnet.subnet"
          ]
        },
        {
          "index_key": 1,
          "schema_version": 1,
          "attributes": {
            "api_version": "3.1",
            "availability_zone_reference": {},
            "boot_device_disk_address": {},
            "boot_device_mac_address": "",
            "boot_device_order_list": [],
            "boot_type": "",
            "categories": [],
            "cloud_init_cdrom_uuid": "f8eef7b3-d63c-4b0a-8609-fb628b24fda6",
            "cluster_name": "hashy0917nutanix",
            "cluster_uuid": "0005d15b-53bb-6a5a-5ed7-003048f2305e",
            "description": "",
            "disk_list": [
              {
                "data_source_reference": {
                  "kind": "image",
                  "uuid": "7ca46cab-6776-44a7-bc79-f99b676bccc2"
                },
                "device_properties": [
                  {
                    "device_type": "DISK",
                    "disk_address": {
                      "adapter_type": "SCSI",
                      "device_index": "0"
                    }
                  }
                ],
                "disk_size_bytes": 2361393152,
                "disk_size_mib": 2252,
                "storage_config": [
                  {
                    "flash_mode": "",
                    "storage_container_reference": [
                      {
                        "kind": "storage_container",
                        "name": "SelfServiceContainer",
                        "url": "",
                        "uuid": "29a5957c-cce7-4772-b6f9-eb2205484520"
                      }
                    ]
                  }
                ],
                "uuid": "474461a0-5858-4d72-9066-3d2f8335a11e",
                "volume_group_reference": {}
              },
              {
                "data_source_reference": {},
                "device_properties": [
                  {
                    "device_type": "DISK",
                    "disk_address": {
                      "adapter_type": "SCSI",
                      "device_index": "1"
                    }
                  }
                ],
                "disk_size_bytes": 10737418240,
                "disk_size_mib": 10240,
                "storage_config": [
                  {
                    "flash_mode": "",
                    "storage_container_reference": [
                      {
                        "kind": "storage_container",
                        "name": "SelfServiceContainer",
                        "url": "",
                        "uuid": "29a5957c-cce7-4772-b6f9-eb2205484520"
                      }
                    ]
                  }
                ],
                "uuid": "ea78e013-f2e4-4ad4-a8dd-8b9752ec1996",
                "volume_group_reference": {}
              }
            ],
            "enable_script_exec": false,
            "gpu_list": [],
            "guest_customization_cloud_init_custom_key_values": {},
            "guest_customization_cloud_init_meta_data": "",
            "guest_customization_cloud_init_user_data": "I2Nsb3VkLWNvbmZpZwojIOODkeOCueODr+ODvOODieOBruWIneacn+WApOOCkuioreWumgpwYXNzd29yZDogYXNkZnF3ZXIKIyDliJ3lm57jg63jgrDjgqTjg7PmmYLjgavjg5Hjgrnjg6/jg7zjg4njga7lvLfliLblpInmm7TjgpLnmbrnlJ/jgZXjgZvjgarjgYToqK3lrpoKY2hwYXNzd2Q6IHsgZXhwaXJlOiBGYWxzZSB9CiMgUm9vdOOBruODreOCsOOCpOODs+OCkuemgeatogpkaXNhYmxlX3Jvb3Q6IEZhbHNlCiMgU1NI44Gu44OR44K544Ov44O844OJ44Ot44Kw44Kk44Oz44KS56aB5q2iCnNzaF9wd2F1dGg6IEZhbHNlCiMg6KiA6Kqe44KS5pel5pys6Kqe44Gr6Kit5a6aCmxvY2FsZTogamFfSlAuVVRGLTgKIyDjg4fjg5Xjgqnjg6vjg4jjg6bjg7zjgrbjg7zjga7lhazplovpjbXjga7jgqTjg7Pjg53jg7zjg4gKc3NoX2F1dGhvcml6ZWRfa2V5czoKLSBzc2gtcnNhIEFBQUFCM056YUMxeWMyRUFBQUFEQVFBQkFBQUlBUUMxWjJILzhKZDFPZzFYVElmc0N5WVEyNnVMbTZEbXlUZzB6MGNacG12VUJVRUZmM3pIZVp2bUVHM1NxYUVvNndmUWdNSnowSUMxNTQxc3NSd2Ztdm1wbHRoTXdDU3lqOUs3ekxrQi9mOEM2dEdOT3NjRlRYaGZHR256dlZJN3RhMmRHUmF6MzEzbEpDYnEranVoMGUxUWprbzdjSjdlcXphdjB3NkxucVlSZjYyLzA5a083U2thbW9QTTRHdDRqRGpKdVNYOGNka3M5UGx0R3dPdnJtSi9QeklNdkhkdllZVGN5Z1dtREJla3ZIK3NkREp0alZjbW8xZDlxa2pvazN3RXl5djdTWEU2QnJnRG0rZVd4RXo4WkZpaVpKWVJzVFYrNW1ZRk85RE40ZDYybk5lbHg1QlZxVFpPQ1ZsY0RPRGFHSlN1dHl6ekY4YytUVjI3TjFZTktjSmdpbk40ZHVmb3FSeTJLSlBiMmM3TDBIUEtCeXVyVlhxS0NabTNMOE9XZEs1VVlmMmNZRFhQVTl6VGRSQ1JoaGsvOVNTVW9OTXk2UnNsbUZHdkVuUVRIbDZ6L3lVbStBT1hGaWU2ajFnKzZvbkpVNmZtZm9lWk1mdFJJQjh4UUs1eWQveEVScWV2UXpGU3IySnV2UkgxbUNoZUZWMkRLL2x5SXRDK3lzanp5anc0TTdrc0l5U3RkWmJkUk1QRVZyZkRJZGFINS9xVmxUMkgzcmJwUFU5TVJzZ1hmUzluV3BYTFhROGNaa0o2TlZyMFlrWG5ZdXhsMVRETHZ5aWVURWV0VGJlRjlWZ3lMYmRJOE1zT0ZSb3ZCc3JScE14L05GS2pVaTh3b2FQZ2xkMzNJUm5pNFFTcWU3QisrM29LdVUzVzZ6TlVZYm1SMzNTSU8vWWppaWZ3UlE4SExueThYSU5JalhpbXRWbGRXT2R4enJiTnhBSnY2cUxDMi9NY3o2dkQvUXoxTXFqaVhmaWVsYUNSdktYK1laMU9aRTRtbjhFUUNNbGg3MlpENDdNb3FYZC9LV0dpYm9oeThJUkEra0dEWC9jbnEzNk9NejExU1Q4c1FFWVhKcy85SmpTZVBzYU54VkpYN0FCQk10dld6bmluTXhIYnQ1WU52ZkFFUTIrYXFYZlEya1dnSHYwTHo2aEQ2amRVK2d5RGpsSHBIN0kwOVlTMDZsL2VqTXBsczkzZi9TUXpZdnBhOGZ2eTBPd1Zzbk9ReFVRNVdlMnpqS3lVemFMVEtySG1sWkFJcSs0bzdZU3NWTUh1NW51M1VxV1lGaFBkL0FPL2ZyU01VYlRsVXJCcEFGMmZKZU1JMjJXSVd5VE9sdU0raGlnV25aVzl2QVc0VWUrVmw4UGhxckNGbUlINGdqMy9jRzRnZWJVTjFabTBla3FRYWhxTU13bXRGOTBQSmc2YXhOakFwR2F2WU94NlpVLzQ2SVkwY1pFNnVSUnowajBpcm5xck9oUUNwWC9EdGJ0ejNjQzRlRG9uS3BjdUhjQ3FjZlFPTHJlM3NhTmRicldsUmRzRUFFSW5QOFUrT3lDVG41cDVwZEM3Yk51VWM5c1N0RWVKb2VGcGY3Smk2MmVaaEwza0l6R04zalZ0ZDMyRURZMExiN2QxWkJLYzB3QUpqZnhoMk12cUdmby83UVRIOXZSZm5OalNMT2xtRnZxb09UaWphUWdIU2lGNE5yWkJSemROYmZEditQZkhsZjc1Uy9YMG1HbkYySUh0MFNlbys5Q251UDNRS2V2QkNIT2ErYjRCTmNsZnVJK0kweUYwQWhNa1AwMmpnMEE2azJHWUhhNlJxVkphOFdaczVTV3VKWmcwOExuVzNPN0FScGNNcitIQi9ycFFJWnFDeDRZY2Y4aXV1OVhINVhpdW1zV3Q1cGhGT0tsS0NFUGQzczFGR3dSY2V4NXl3eDVOL013OHhOMnZMTjk1aTNscTNJdktzWFluakcvL2lucGJwa3BRVW1iNnowVlJSMFZUYk5JTzRBMkVJS0VTbkFVOG1kaDNvRXJwa215WlJucnh3Mk1KWkxHc2VIKzFHSm1ITVVTb25YV1RuL2I2MmR2Nm80S2l6Q1hUZHFETEl2MDhZZDBXN3YyU1JDWG4zV3JNa0VZS3NTZGZJT1VLci9heURrNGlZUDB1QnlMaDdESXIxQVl1M0xpUGJlMHVuN1RqZXpMczRBdFdrUE1ReWF1ZTdWZlpIeDBmbzVnb0x4MG43ckpjVC9WN1F4VXdCeVRZQklGam16bHhQRVhmT3N1b2NuSytSUkZWazVuYXBvcHNYc1J3TmR3ak80SXBKRi93TkR5aHZQRFRBd2Jla1cweitvSjlybGxqcmsyNDlSUGt1RGlPbkdCdkJpMy9MVHIyRUZFNkw0SklVYStPKzJBZVpDNkhuaDlncVJrNFBUL0l2TGdEUWdyQjdTblVkUGdSSWw2UWV6RzVKZGp1Q3ppYXRVNng2QU5rajZGSXFacHZiZ29PaDJjTDlWSlZ6VTg4eUJHL0FORGdPNnpEQVBtNitvWDhLUWpJK3pMczVmRFZCSUUzQmpkTnlxSWhVaVAxa0sxV3pmSjBINUJYYmowZUtiWllzWFc2RU05VWVnZEhmcmdGMUVtVXNPMFJGZXpETlRyWVNWckZ6ZVNRVENwZ1J0S2o5Qy9pZnhIbmdKeGJNTm9uNjAveERDanhTRTVBb0RhbzJqNVJKM0FJYVQydUFCdU0xTWdKWnhCV29aNUFNL2VONHkxMFhnMjNBb1JPalRUQjUwcjRQLzNSZDF0b1VUc1NXMHVZTFJDbmd6c2JSN1NQRkRxMWh1YmVRQXlvVjBMQXZPeW1PWFlNV0t0VlM4T3BwbFA0ZUVzb09wVVI4S0FBZ2ZHUitzbHZmNE1iU1l3d3dYczRSbVNJSGJKVlliV211QXlRd2pndXdyTk9lNGQ5blR3NXduUjdDQlltSm5GOXgwdi9zS0U3RGduWXQ2V2NqdWY4aUdnaEFZZlkySFJFdjNYU1NFVmdOcUhPRGlGTU1IT1FUd0c2SWFBNE80V0gvWVlsUmFJSmR5bmxsbVVXYUJOTmU4NnowZ2R4TnBidnBOeWszUzY3RytHaUM2U0ZuOEpPbkZLZFgrR2t0Vy8xTmpWZGlWRVRvKzlCTDBReEJOL3pWdVpXV0dFY0pCczJIUEVObTltZTFTWDRCTHdWa2Urc2REMVV2VlhJSnRxOTExRXhSN3VPUlliRkV1eG9LRVVMNzdmb0NmSG5ESUVaZWVPeXhxclpzeEZTdmJ6WVNsRm9UbXh0bWxJZTJFWUd4NXc0cVVnWmVxd3BDcEJORUNjRnd2VjJXUDlNR283UHpXU2luYW1WOE1aQjgraVpSZXcwMkFRK01HNkpqRWR4YWJWOThQdVJyQmRsS2toWVZhWDNYUFU1TDdiSDJzQm9mSmtVS0ZzUDVhTVgwb3JEYkdKQ3doRWNacllBRmpsVzE5VmJCYkViWjlsa2Z2OVRBYXNsZGhTNVA5WXd2UWI1YnZxc25hSldaakR1RG4xbTdRQ0J0Ylp5WDVWWGFQbE5kNTBVS0JZaDhjWlMvb0IyVE9iZ3lUQUpKeGVkSlZZWGNjYWNVV1ZpVmt5V1RFNUUyQ0JPS083REV3PT0KLSBzc2gtZWQyNTUxOSBBQUFBQzNOemFDMWxaREkxTlRFNUFBQUFJRVlydVZTaENMWXVIM3FIS1BubXcxMzNpbGVnM3NuaWxWWGpwR3Roem00awotIHNzaC1lZDI1NTE5IEFBQUFDM056YUMxbFpESTFOVEU1QUFBQUlIQmt6NjZ4enp1elRNVFpPQTFOaTA3cHcrT1JGczIrdUNtTERjZFFRclBOCg==",
            "guest_customization_is_overridable": false,
            "guest_customization_sysprep": {},
            "guest_customization_sysprep_custom_key_values": {},
            "guest_os_id": "",
            "hardware_clock_timezone": "UTC",
            "host_reference": {
              "kind": "host",
              "name": "10.10.10.211",
              "uuid": "e0b83999-dc94-4841-9729-40e963bf4b75"
            },
            "hypervisor_type": null,
            "id": "8d583b7a-11c5-4a43-b5ac-cfc7075ea9e9",
            "machine_type": "PC",
            "memory_size_mib": 1024,
            "metadata": {
              "creation_time": "2021-12-15 11:51:10 +0000 UTC",
              "last_update_time": "2021-12-15 11:51:23 +0000 UTC",
              "name": "",
              "spec_hash": "",
              "spec_version": "1",
              "uuid": "8d583b7a-11c5-4a43-b5ac-cfc7075ea9e9"
            },
            "name": "terraform-test-vm-1",
            "ngt_credentials": {},
            "ngt_enabled_capability_list": [],
            "nic_list": [
              {
                "ip_endpoint_list": [],
                "is_connected": "true",
                "mac_address": "50:6b:8d:f4:c6:97",
                "model": "",
                "network_function_chain_reference": {},
                "network_function_nic_type": "",
                "nic_type": "NORMAL_NIC",
                "subnet_name": "native",
                "subnet_uuid": "c636f3b0-4dce-49aa-b5e9-07e379bc7ff5",
                "uuid": "e4544211-5c14-4693-8844-e0bbd10cdd15"
              }
            ],
            "nic_list_status": [
              {
                "floating_ip": "",
                "ip_endpoint_list": [
                  {
                    "ip": "10.10.10.29",
                    "type": "LEARNED"
                  }
                ],
                "is_connected": "true",
                "mac_address": "50:6b:8d:f4:c6:97",
                "model": "",
                "network_function_chain_reference": {},
                "network_function_nic_type": "",
                "nic_type": "NORMAL_NIC",
                "subnet_name": "native",
                "subnet_uuid": "c636f3b0-4dce-49aa-b5e9-07e379bc7ff5",
                "uuid": "e4544211-5c14-4693-8844-e0bbd10cdd15"
              }
            ],
            "num_sockets": 1,
            "num_vcpus_per_socket": 2,
            "num_vnuma_nodes": 0,
            "nutanix_guest_tools": {},
            "owner_reference": {
              "kind": "user",
              "name": "admin",
              "uuid": "00000000-0000-0000-0000-000000000000"
            },
            "parent_reference": {},
            "power_state": "ON",
            "power_state_mechanism": "HARD",
            "project_reference": {},
            "serial_port_list": [],
            "should_fail_on_script_failure": false,
            "state": "COMPLETE",
            "use_hot_add": true,
            "vga_console_enabled": true
          },
          "sensitive_attributes": [],
          "private": "eyJzY2hlbWFfdmVyc2lvbiI6IjEifQ==",
          "dependencies": [
            "data.nutanix_cluster.cluster",
            "data.nutanix_image.image",
            "data.nutanix_subnet.subnet"
          ]
        },
        {
          "index_key": 2,
          "schema_version": 1,
          "attributes": {
            "api_version": "3.1",
            "availability_zone_reference": {},
            "boot_device_disk_address": {},
            "boot_device_mac_address": "",
            "boot_device_order_list": [],
            "boot_type": "",
            "categories": [],
            "cloud_init_cdrom_uuid": "39bad74a-8589-42c7-8d21-02e30060a7e5",
            "cluster_name": "hashy0917nutanix",
            "cluster_uuid": "0005d15b-53bb-6a5a-5ed7-003048f2305e",
            "description": "",
            "disk_list": [
              {
                "data_source_reference": {
                  "kind": "image",
                  "uuid": "7ca46cab-6776-44a7-bc79-f99b676bccc2"
                },
                "device_properties": [
                  {
                    "device_type": "DISK",
                    "disk_address": {
                      "adapter_type": "SCSI",
                      "device_index": "0"
                    }
                  }
                ],
                "disk_size_bytes": 2361393152,
                "disk_size_mib": 2252,
                "storage_config": [
                  {
                    "flash_mode": "",
                    "storage_container_reference": [
                      {
                        "kind": "storage_container",
                        "name": "SelfServiceContainer",
                        "url": "",
                        "uuid": "29a5957c-cce7-4772-b6f9-eb2205484520"
                      }
                    ]
                  }
                ],
                "uuid": "0ce72073-db42-4275-b9cc-ca07fec660ed",
                "volume_group_reference": {}
              },
              {
                "data_source_reference": {},
                "device_properties": [
                  {
                    "device_type": "DISK",
                    "disk_address": {
                      "adapter_type": "SCSI",
                      "device_index": "1"
                    }
                  }
                ],
                "disk_size_bytes": 10737418240,
                "disk_size_mib": 10240,
                "storage_config": [
                  {
                    "flash_mode": "",
                    "storage_container_reference": [
                      {
                        "kind": "storage_container",
                        "name": "SelfServiceContainer",
                        "url": "",
                        "uuid": "29a5957c-cce7-4772-b6f9-eb2205484520"
                      }
                    ]
                  }
                ],
                "uuid": "c8712edb-db57-4708-bc29-373a4e4a09b1",
                "volume_group_reference": {}
              }
            ],
            "enable_script_exec": false,
            "gpu_list": [],
            "guest_customization_cloud_init_custom_key_values": {},
            "guest_customization_cloud_init_meta_data": "",
            "guest_customization_cloud_init_user_data": "I2Nsb3VkLWNvbmZpZwojIOODkeOCueODr+ODvOODieOBruWIneacn+WApOOCkuioreWumgpwYXNzd29yZDogYXNkZnF3ZXIKIyDliJ3lm57jg63jgrDjgqTjg7PmmYLjgavjg5Hjgrnjg6/jg7zjg4njga7lvLfliLblpInmm7TjgpLnmbrnlJ/jgZXjgZvjgarjgYToqK3lrpoKY2hwYXNzd2Q6IHsgZXhwaXJlOiBGYWxzZSB9CiMgUm9vdOOBruODreOCsOOCpOODs+OCkuemgeatogpkaXNhYmxlX3Jvb3Q6IEZhbHNlCiMgU1NI44Gu44OR44K544Ov44O844OJ44Ot44Kw44Kk44Oz44KS56aB5q2iCnNzaF9wd2F1dGg6IEZhbHNlCiMg6KiA6Kqe44KS5pel5pys6Kqe44Gr6Kit5a6aCmxvY2FsZTogamFfSlAuVVRGLTgKIyDjg4fjg5Xjgqnjg6vjg4jjg6bjg7zjgrbjg7zjga7lhazplovpjbXjga7jgqTjg7Pjg53jg7zjg4gKc3NoX2F1dGhvcml6ZWRfa2V5czoKLSBzc2gtcnNhIEFBQUFCM056YUMxeWMyRUFBQUFEQVFBQkFBQUlBUUMxWjJILzhKZDFPZzFYVElmc0N5WVEyNnVMbTZEbXlUZzB6MGNacG12VUJVRUZmM3pIZVp2bUVHM1NxYUVvNndmUWdNSnowSUMxNTQxc3NSd2Ztdm1wbHRoTXdDU3lqOUs3ekxrQi9mOEM2dEdOT3NjRlRYaGZHR256dlZJN3RhMmRHUmF6MzEzbEpDYnEranVoMGUxUWprbzdjSjdlcXphdjB3NkxucVlSZjYyLzA5a083U2thbW9QTTRHdDRqRGpKdVNYOGNka3M5UGx0R3dPdnJtSi9QeklNdkhkdllZVGN5Z1dtREJla3ZIK3NkREp0alZjbW8xZDlxa2pvazN3RXl5djdTWEU2QnJnRG0rZVd4RXo4WkZpaVpKWVJzVFYrNW1ZRk85RE40ZDYybk5lbHg1QlZxVFpPQ1ZsY0RPRGFHSlN1dHl6ekY4YytUVjI3TjFZTktjSmdpbk40ZHVmb3FSeTJLSlBiMmM3TDBIUEtCeXVyVlhxS0NabTNMOE9XZEs1VVlmMmNZRFhQVTl6VGRSQ1JoaGsvOVNTVW9OTXk2UnNsbUZHdkVuUVRIbDZ6L3lVbStBT1hGaWU2ajFnKzZvbkpVNmZtZm9lWk1mdFJJQjh4UUs1eWQveEVScWV2UXpGU3IySnV2UkgxbUNoZUZWMkRLL2x5SXRDK3lzanp5anc0TTdrc0l5U3RkWmJkUk1QRVZyZkRJZGFINS9xVmxUMkgzcmJwUFU5TVJzZ1hmUzluV3BYTFhROGNaa0o2TlZyMFlrWG5ZdXhsMVRETHZ5aWVURWV0VGJlRjlWZ3lMYmRJOE1zT0ZSb3ZCc3JScE14L05GS2pVaTh3b2FQZ2xkMzNJUm5pNFFTcWU3QisrM29LdVUzVzZ6TlVZYm1SMzNTSU8vWWppaWZ3UlE4SExueThYSU5JalhpbXRWbGRXT2R4enJiTnhBSnY2cUxDMi9NY3o2dkQvUXoxTXFqaVhmaWVsYUNSdktYK1laMU9aRTRtbjhFUUNNbGg3MlpENDdNb3FYZC9LV0dpYm9oeThJUkEra0dEWC9jbnEzNk9NejExU1Q4c1FFWVhKcy85SmpTZVBzYU54VkpYN0FCQk10dld6bmluTXhIYnQ1WU52ZkFFUTIrYXFYZlEya1dnSHYwTHo2aEQ2amRVK2d5RGpsSHBIN0kwOVlTMDZsL2VqTXBsczkzZi9TUXpZdnBhOGZ2eTBPd1Zzbk9ReFVRNVdlMnpqS3lVemFMVEtySG1sWkFJcSs0bzdZU3NWTUh1NW51M1VxV1lGaFBkL0FPL2ZyU01VYlRsVXJCcEFGMmZKZU1JMjJXSVd5VE9sdU0raGlnV25aVzl2QVc0VWUrVmw4UGhxckNGbUlINGdqMy9jRzRnZWJVTjFabTBla3FRYWhxTU13bXRGOTBQSmc2YXhOakFwR2F2WU94NlpVLzQ2SVkwY1pFNnVSUnowajBpcm5xck9oUUNwWC9EdGJ0ejNjQzRlRG9uS3BjdUhjQ3FjZlFPTHJlM3NhTmRicldsUmRzRUFFSW5QOFUrT3lDVG41cDVwZEM3Yk51VWM5c1N0RWVKb2VGcGY3Smk2MmVaaEwza0l6R04zalZ0ZDMyRURZMExiN2QxWkJLYzB3QUpqZnhoMk12cUdmby83UVRIOXZSZm5OalNMT2xtRnZxb09UaWphUWdIU2lGNE5yWkJSemROYmZEditQZkhsZjc1Uy9YMG1HbkYySUh0MFNlbys5Q251UDNRS2V2QkNIT2ErYjRCTmNsZnVJK0kweUYwQWhNa1AwMmpnMEE2azJHWUhhNlJxVkphOFdaczVTV3VKWmcwOExuVzNPN0FScGNNcitIQi9ycFFJWnFDeDRZY2Y4aXV1OVhINVhpdW1zV3Q1cGhGT0tsS0NFUGQzczFGR3dSY2V4NXl3eDVOL013OHhOMnZMTjk1aTNscTNJdktzWFluakcvL2lucGJwa3BRVW1iNnowVlJSMFZUYk5JTzRBMkVJS0VTbkFVOG1kaDNvRXJwa215WlJucnh3Mk1KWkxHc2VIKzFHSm1ITVVTb25YV1RuL2I2MmR2Nm80S2l6Q1hUZHFETEl2MDhZZDBXN3YyU1JDWG4zV3JNa0VZS3NTZGZJT1VLci9heURrNGlZUDB1QnlMaDdESXIxQVl1M0xpUGJlMHVuN1RqZXpMczRBdFdrUE1ReWF1ZTdWZlpIeDBmbzVnb0x4MG43ckpjVC9WN1F4VXdCeVRZQklGam16bHhQRVhmT3N1b2NuSytSUkZWazVuYXBvcHNYc1J3TmR3ak80SXBKRi93TkR5aHZQRFRBd2Jla1cweitvSjlybGxqcmsyNDlSUGt1RGlPbkdCdkJpMy9MVHIyRUZFNkw0SklVYStPKzJBZVpDNkhuaDlncVJrNFBUL0l2TGdEUWdyQjdTblVkUGdSSWw2UWV6RzVKZGp1Q3ppYXRVNng2QU5rajZGSXFacHZiZ29PaDJjTDlWSlZ6VTg4eUJHL0FORGdPNnpEQVBtNitvWDhLUWpJK3pMczVmRFZCSUUzQmpkTnlxSWhVaVAxa0sxV3pmSjBINUJYYmowZUtiWllzWFc2RU05VWVnZEhmcmdGMUVtVXNPMFJGZXpETlRyWVNWckZ6ZVNRVENwZ1J0S2o5Qy9pZnhIbmdKeGJNTm9uNjAveERDanhTRTVBb0RhbzJqNVJKM0FJYVQydUFCdU0xTWdKWnhCV29aNUFNL2VONHkxMFhnMjNBb1JPalRUQjUwcjRQLzNSZDF0b1VUc1NXMHVZTFJDbmd6c2JSN1NQRkRxMWh1YmVRQXlvVjBMQXZPeW1PWFlNV0t0VlM4T3BwbFA0ZUVzb09wVVI4S0FBZ2ZHUitzbHZmNE1iU1l3d3dYczRSbVNJSGJKVlliV211QXlRd2pndXdyTk9lNGQ5blR3NXduUjdDQlltSm5GOXgwdi9zS0U3RGduWXQ2V2NqdWY4aUdnaEFZZlkySFJFdjNYU1NFVmdOcUhPRGlGTU1IT1FUd0c2SWFBNE80V0gvWVlsUmFJSmR5bmxsbVVXYUJOTmU4NnowZ2R4TnBidnBOeWszUzY3RytHaUM2U0ZuOEpPbkZLZFgrR2t0Vy8xTmpWZGlWRVRvKzlCTDBReEJOL3pWdVpXV0dFY0pCczJIUEVObTltZTFTWDRCTHdWa2Urc2REMVV2VlhJSnRxOTExRXhSN3VPUlliRkV1eG9LRVVMNzdmb0NmSG5ESUVaZWVPeXhxclpzeEZTdmJ6WVNsRm9UbXh0bWxJZTJFWUd4NXc0cVVnWmVxd3BDcEJORUNjRnd2VjJXUDlNR283UHpXU2luYW1WOE1aQjgraVpSZXcwMkFRK01HNkpqRWR4YWJWOThQdVJyQmRsS2toWVZhWDNYUFU1TDdiSDJzQm9mSmtVS0ZzUDVhTVgwb3JEYkdKQ3doRWNacllBRmpsVzE5VmJCYkViWjlsa2Z2OVRBYXNsZGhTNVA5WXd2UWI1YnZxc25hSldaakR1RG4xbTdRQ0J0Ylp5WDVWWGFQbE5kNTBVS0JZaDhjWlMvb0IyVE9iZ3lUQUpKeGVkSlZZWGNjYWNVV1ZpVmt5V1RFNUUyQ0JPS083REV3PT0KLSBzc2gtZWQyNTUxOSBBQUFBQzNOemFDMWxaREkxTlRFNUFBQUFJRVlydVZTaENMWXVIM3FIS1BubXcxMzNpbGVnM3NuaWxWWGpwR3Roem00awotIHNzaC1lZDI1NTE5IEFBQUFDM056YUMxbFpESTFOVEU1QUFBQUlIQmt6NjZ4enp1elRNVFpPQTFOaTA3cHcrT1JGczIrdUNtTERjZFFRclBOCg==",
            "guest_customization_is_overridable": false,
            "guest_customization_sysprep": {},
            "guest_customization_sysprep_custom_key_values": {},
            "guest_os_id": "",
            "hardware_clock_timezone": "UTC",
            "host_reference": {
              "kind": "host",
              "name": "10.10.10.211",
              "uuid": "e0b83999-dc94-4841-9729-40e963bf4b75"
            },
            "hypervisor_type": null,
            "id": "e98f9295-e205-4c59-89b2-c20b93d01f0e",
            "machine_type": "PC",
            "memory_size_mib": 1024,
            "metadata": {
              "creation_time": "2021-12-15 11:51:10 +0000 UTC",
              "last_update_time": "2021-12-15 11:51:25 +0000 UTC",
              "name": "",
              "spec_hash": "",
              "spec_version": "1",
              "uuid": "e98f9295-e205-4c59-89b2-c20b93d01f0e"
            },
            "name": "terraform-test-vm-2",
            "ngt_credentials": {},
            "ngt_enabled_capability_list": [],
            "nic_list": [
              {
                "ip_endpoint_list": [],
                "is_connected": "true",
                "mac_address": "50:6b:8d:e3:60:03",
                "model": "",
                "network_function_chain_reference": {},
                "network_function_nic_type": "",
                "nic_type": "NORMAL_NIC",
                "subnet_name": "native",
                "subnet_uuid": "c636f3b0-4dce-49aa-b5e9-07e379bc7ff5",
                "uuid": "7e283b83-dbd9-4866-b5dc-1b191458780e"
              }
            ],
            "nic_list_status": [
              {
                "floating_ip": "",
                "ip_endpoint_list": [
                  {
                    "ip": "10.10.10.31",
                    "type": "LEARNED"
                  }
                ],
                "is_connected": "true",
                "mac_address": "50:6b:8d:e3:60:03",
                "model": "",
                "network_function_chain_reference": {},
                "network_function_nic_type": "",
                "nic_type": "NORMAL_NIC",
                "subnet_name": "native",
                "subnet_uuid": "c636f3b0-4dce-49aa-b5e9-07e379bc7ff5",
                "uuid": "7e283b83-dbd9-4866-b5dc-1b191458780e"
              }
            ],
            "num_sockets": 1,
            "num_vcpus_per_socket": 2,
            "num_vnuma_nodes": 0,
            "nutanix_guest_tools": {},
            "owner_reference": {
              "kind": "user",
              "name": "admin",
              "uuid": "00000000-0000-0000-0000-000000000000"
            },
            "parent_reference": {},
            "power_state": "ON",
            "power_state_mechanism": "HARD",
            "project_reference": {},
            "serial_port_list": [],
            "should_fail_on_script_failure": false,
            "state": "COMPLETE",
            "use_hot_add": true,
            "vga_console_enabled": true
          },
          "sensitive_attributes": [],
          "private": "eyJzY2hlbWFfdmVyc2lvbiI6IjEifQ==",
          "dependencies": [
            "data.nutanix_cluster.cluster",
            "data.nutanix_image.image",
            "data.nutanix_subnet.subnet"
          ]
        }
      ]
    }
  ]
}
